// !$*UTF8*$!
{
	archiveVersion = 1;
	classes = {
	};
	objectVersion = 55;
	objects = {

/* Begin PBXBuildFile section */
		B26F4C192882143C002EAD20 /* resorts.json in Resources */ = {isa = PBXBuildFile; fileRef = B26F4C182882143C002EAD20 /* resorts.json */; };
		B26F4C3228823A6A002EAD20 /* Resort.swift in Sources */ = {isa = PBXBuildFile; fileRef = B26F4C3128823A6A002EAD20 /* Resort.swift */; };
		B26F4C3628823A84002EAD20 /* Favorites.swift in Sources */ = {isa = PBXBuildFile; fileRef = B26F4C3528823A84002EAD20 /* Favorites.swift */; };
		B26F4C3828823AD8002EAD20 /* Buddle-Decodable.swift in Sources */ = {isa = PBXBuildFile; fileRef = B26F4C3728823AD8002EAD20 /* Buddle-Decodable.swift */; };
		B26F4C3A28823AF2002EAD20 /* View-NavigationViewStyle.swift in Sources */ = {isa = PBXBuildFile; fileRef = B26F4C3928823AF2002EAD20 /* View-NavigationViewStyle.swift */; };
		B26F4C3C28823B11002EAD20 /* Facility.swift in Sources */ = {isa = PBXBuildFile; fileRef = B26F4C3B28823B11002EAD20 /* Facility.swift */; };
		B26F4C3E28823B24002EAD20 /* ResortView.swift in Sources */ = {isa = PBXBuildFile; fileRef = B26F4C3D28823B24002EAD20 /* ResortView.swift */; };
		B26F4C4028823B30002EAD20 /* ResortDetailView.swift in Sources */ = {isa = PBXBuildFile; fileRef = B26F4C3F28823B30002EAD20 /* ResortDetailView.swift */; };
		B26F4C4228823B3F002EAD20 /* SkiDetailView.swift in Sources */ = {isa = PBXBuildFile; fileRef = B26F4C4128823B3F002EAD20 /* SkiDetailView.swift */; };
		B26F4C4428823B55002EAD20 /* WelcomeView.swift in Sources */ = {isa = PBXBuildFile; fileRef = B26F4C4328823B55002EAD20 /* WelcomeView.swift */; };
		B29AF1782881C18500E58C0B /* Day99_SnowSeeker_WrapUpApp.swift in Sources */ = {isa = PBXBuildFile; fileRef = B29AF1772881C18500E58C0B /* Day99_SnowSeeker_WrapUpApp.swift */; };
		B29AF17A2881C18500E58C0B /* ContentView.swift in Sources */ = {isa = PBXBuildFile; fileRef = B29AF1792881C18500E58C0B /* ContentView.swift */; };
		B29AF17C2881C18700E58C0B /* Assets.xcassets in Resources */ = {isa = PBXBuildFile; fileRef = B29AF17B2881C18700E58C0B /* Assets.xcassets */; };
		B29AF17F2881C18700E58C0B /* Preview Assets.xcassets in Resources */ = {isa = PBXBuildFile; fileRef = B29AF17E2881C18700E58C0B /* Preview Assets.xcassets */; };
/* End PBXBuildFile section */

/* Begin PBXFileReference section */
		B26F4C182882143C002EAD20 /* resorts.json */ = {isa = PBXFileReference; fileEncoding = 4; lastKnownFileType = text.json; name = resorts.json; path = "../../HackingWithSwift-main/SwiftUI/project19-files/resorts.json"; sourceTree = "<group>"; };
		B26F4C3128823A6A002EAD20 /* Resort.swift */ = {isa = PBXFileReference; lastKnownFileType = sourcecode.swift; path = Resort.swift; sourceTree = "<group>"; };
		B26F4C3528823A84002EAD20 /* Favorites.swift */ = {isa = PBXFileReference; lastKnownFileType = sourcecode.swift; path = Favorites.swift; sourceTree = "<group>"; };
		B26F4C3728823AD8002EAD20 /* Buddle-Decodable.swift */ = {isa = PBXFileReference; lastKnownFileType = sourcecode.swift; path = "Buddle-Decodable.swift"; sourceTree = "<group>"; };
		B26F4C3928823AF2002EAD20 /* View-NavigationViewStyle.swift */ = {isa = PBXFileReference; lastKnownFileType = sourcecode.swift; path = "View-NavigationViewStyle.swift"; sourceTree = "<group>"; };
		B26F4C3B28823B11002EAD20 /* Facility.swift */ = {isa = PBXFileReference; lastKnownFileType = sourcecode.swift; path = Facility.swift; sourceTree = "<group>"; };
		B26F4C3D28823B24002EAD20 /* ResortView.swift */ = {isa = PBXFileReference; lastKnownFileType = sourcecode.swift; path = ResortView.swift; sourceTree = "<group>"; };
		B26F4C3F28823B30002EAD20 /* ResortDetailView.swift */ = {isa = PBXFileReference; lastKnownFileType = sourcecode.swift; path = ResortDetailView.swift; sourceTree = "<group>"; };
		B26F4C4128823B3F002EAD20 /* SkiDetailView.swift */ = {isa = PBXFileReference; lastKnownFileType = sourcecode.swift; path = SkiDetailView.swift; sourceTree = "<group>"; };
		B26F4C4328823B55002EAD20 /* WelcomeView.swift */ = {isa = PBXFileReference; lastKnownFileType = sourcecode.swift; path = WelcomeView.swift; sourceTree = "<group>"; };
		B29AF1742881C18500E58C0B /* Day99_SnowSeeker_WrapUp.app */ = {isa = PBXFileReference; explicitFileType = wrapper.application; includeInIndex = 0; path = Day99_SnowSeeker_WrapUp.app; sourceTree = BUILT_PRODUCTS_DIR; };
		B29AF1772881C18500E58C0B /* Day99_SnowSeeker_WrapUpApp.swift */ = {isa = PBXFileReference; lastKnownFileType = sourcecode.swift; path = Day99_SnowSeeker_WrapUpApp.swift; sourceTree = "<group>"; };
		B29AF1792881C18500E58C0B /* ContentView.swift */ = {isa = PBXFileReference; lastKnownFileType = sourcecode.swift; path = ContentView.swift; sourceTree = "<group>"; };
		B29AF17B2881C18700E58C0B /* Assets.xcassets */ = {isa = PBXFileReference; lastKnownFileType = folder.assetcatalog; path = Assets.xcassets; sourceTree = "<group>"; };
		B29AF17E2881C18700E58C0B /* Preview Assets.xcassets */ = {isa = PBXFileReference; lastKnownFileType = folder.assetcatalog; path = "Preview Assets.xcassets"; sourceTree = "<group>"; };
/* End PBXFileReference section */

/* Begin PBXFrameworksBuildPhase section */
		B29AF1712881C18500E58C0B /* Frameworks */ = {
			isa = PBXFrameworksBuildPhase;
			buildActionMask = 2147483647;
			files = (
			);
			runOnlyForDeploymentPostprocessing = 0;
		};
/* End PBXFrameworksBuildPhase section */

/* Begin PBXGroup section */
		B26F4C2E288239D1002EAD20 /* Models */ = {
			isa = PBXGroup;
			children = (
				B26F4C3128823A6A002EAD20 /* Resort.swift */,
				B26F4C3528823A84002EAD20 /* Favorites.swift */,
				B26F4C3B28823B11002EAD20 /* Facility.swift */,
			);
			name = Models;
			sourceTree = "<group>";
		};
		B26F4C2F28823A06002EAD20 /* Views */ = {
			isa = PBXGroup;
			children = (
				B29AF1792881C18500E58C0B /* ContentView.swift */,
				B26F4C3D28823B24002EAD20 /* ResortView.swift */,
				B26F4C3F28823B30002EAD20 /* ResortDetailView.swift */,
				B26F4C4128823B3F002EAD20 /* SkiDetailView.swift */,
				B26F4C4328823B55002EAD20 /* WelcomeView.swift */,
			);
			name = Views;
			sourceTree = "<group>";
		};
		B26F4C3028823A28002EAD20 /* Extensions */ = {
			isa = PBXGroup;
			children = (
				B26F4C3728823AD8002EAD20 /* Buddle-Decodable.swift */,
				B26F4C3928823AF2002EAD20 /* View-NavigationViewStyle.swift */,
			);
			path = Extensions;
			sourceTree = "<group>";
		};
		B29AF16B2881C18400E58C0B = {
			isa = PBXGroup;
			children = (
				B29AF1762881C18500E58C0B /* Day99_SnowSeeker_WrapUp */,
				B29AF1752881C18500E58C0B /* Products */,
			);
			sourceTree = "<group>";
		};
		B29AF1752881C18500E58C0B /* Products */ = {
			isa = PBXGroup;
			children = (
				B29AF1742881C18500E58C0B /* Day99_SnowSeeker_WrapUp.app */,
			);
			name = Products;
			sourceTree = "<group>";
		};
		B29AF1762881C18500E58C0B /* Day99_SnowSeeker_WrapUp */ = {
			isa = PBXGroup;
			children = (
				B29AF1772881C18500E58C0B /* Day99_SnowSeeker_WrapUpApp.swift */,
				B26F4C182882143C002EAD20 /* resorts.json */,
				B29AF17B2881C18700E58C0B /* Assets.xcassets */,
				B26F4C2E288239D1002EAD20 /* Models */,
				B26F4C2F28823A06002EAD20 /* Views */,
				B26F4C3028823A28002EAD20 /* Extensions */,
				B29AF17D2881C18700E58C0B /* Preview Content */,
			);
			path = Day99_SnowSeeker_WrapUp;
			sourceTree = "<group>";
		};
		B29AF17D2881C18700E58C0B /* Preview Content */ = {
			isa = PBXGroup;
			children = (
				B29AF17E2881C18700E58C0B /* Preview Assets.xcassets */,
			);
			path = "Preview Content";
			sourceTree = "<group>";
		};
/* End PBXGroup section */

/* Begin PBXNativeTarget section */
		B29AF1732881C18500E58C0B /* Day99_SnowSeeker_WrapUp */ = {
			isa = PBXNativeTarget;
			buildConfigurationList = B29AF1822881C18700E58C0B /* Build configuration list for PBXNativeTarget "Day99_SnowSeeker_WrapUp" */;
			buildPhases = (
				B29AF1702881C18500E58C0B /* Sources */,
				B29AF1712881C18500E58C0B /* Frameworks */,
				B29AF1722881C18500E58C0B /* Resources */,
			);
			buildRules = (
			);
			dependencies = (
			);
			name = Day99_SnowSeeker_WrapUp;
			productName = Day99_SnowSeeker_WrapUp;
			productReference = B29AF1742881C18500E58C0B /* Day99_SnowSeeker_WrapUp.app */;
			productType = "com.apple.product-type.application";
		};
/* End PBXNativeTarget section */

/* Begin PBXProject section */
		B29AF16C2881C18400E58C0B /* Project object */ = {
			isa = PBXProject;
			attributes = {
				BuildIndependentTargetsInParallel = 1;
				LastSwiftUpdateCheck = 1340;
				LastUpgradeCheck = 1340;
				TargetAttributes = {
					B29AF1732881C18500E58C0B = {
						CreatedOnToolsVersion = 13.4.1;
					};
				};
			};
			buildConfigurationList = B29AF16F2881C18400E58C0B /* Build configuration list for PBXProject "Day99_SnowSeeker_WrapUp" */;
			compatibilityVersion = "Xcode 13.0";
			developmentRegion = en;
			hasScannedForEncodings = 0;
			knownRegions = (
				en,
				Base,
			);
			mainGroup = B29AF16B2881C18400E58C0B;
			productRefGroup = B29AF1752881C18500E58C0B /* Products */;
			projectDirPath = "";
			projectRoot = "";
			targets = (
				B29AF1732881C18500E58C0B /* Day99_SnowSeeker_WrapUp */,
			);
		};
/* End PBXProject section */

/* Begin PBXResourcesBuildPhase section */
		B29AF1722881C18500E58C0B /* Resources */ = {
			isa = PBXResourcesBuildPhase;
			buildActionMask = 2147483647;
			files = (
				B26F4C192882143C002EAD20 /* resorts.json in Resources */,
				B29AF17F2881C18700E58C0B /* Preview Assets.xcassets in Resources */,
				B29AF17C2881C18700E58C0B /* Assets.xcassets in Resources */,
			);
			runOnlyForDeploymentPostprocessing = 0;
		};
/* End PBXResourcesBuildPhase section */

/* Begin PBXSourcesBuildPhase section */
		B29AF1702881C18500E58C0B /* Sources */ = {
			isa = PBXSourcesBuildPhase;
			buildActionMask = 2147483647;
			files = (
				B26F4C3A28823AF2002EAD20 /* View-NavigationViewStyle.swift in Sources */,
				B29AF17A2881C18500E58C0B /* ContentView.swift in Sources */,
				B26F4C3228823A6A002EAD20 /* Resort.swift in Sources */,
				B26F4C4228823B3F002EAD20 /* SkiDetailView.swift in Sources */,
				B26F4C3828823AD8002EAD20 /* Buddle-Decodable.swift in Sources */,
				B26F4C3628823A84002EAD20 /* Favorites.swift in Sources */,
				B26F4C4428823B55002EAD20 /* WelcomeView.swift in Sources */,
				B26F4C3E28823B24002EAD20 /* ResortView.swift in Sources */,
				B26F4C3C28823B11002EAD20 /* Facility.swift in Sources */,
				B26F4C4028823B30002EAD20 /* ResortDetailView.swift in Sources */,
				B29AF1782881C18500E58C0B /* Day99_SnowSeeker_WrapUpApp.swift in Sources */,
			);
			runOnlyForDeploymentPostprocessing = 0;
		};
/* End PBXSourcesBuildPhase section */

/* Begin XCBuildConfiguration section */
		B29AF1802881C18700E58C0B /* Debug */ = {
			isa = XCBuildConfiguration;
			buildSettings = {
				ALWAYS_SEARCH_USER_PATHS = NO;
				CLANG_ANALYZER_NONNULL = YES;
				CLANG_ANALYZER_NUMBER_OBJECT_CONVERSION = YES_AGGRESSIVE;
				CLANG_CXX_LANGUAGE_STANDARD = "gnu++17";
				CLANG_ENABLE_MODULES = YES;
				CLANG_ENABLE_OBJC_ARC = YES;
				CLANG_ENABLE_OBJC_WEAK = YES;
				CLANG_WARN_BLOCK_CAPTURE_AUTORELEASING = YES;
				CLANG_WARN_BOOL_CONVERSION = YES;
				CLANG_WARN_COMMA = YES;
				CLANG_WARN_CONSTANT_CONVERSION = YES;
				CLANG_WARN_DEPRECATED_OBJC_IMPLEMENTATIONS = YES;
				CLANG_WARN_DIRECT_OBJC_ISA_USAGE = YES_ERROR;
				CLANG_WARN_DOCUMENTATION_COMMENTS = YES;
				CLANG_WARN_EMPTY_BODY = YES;
				CLANG_WARN_ENUM_CONVERSION = YES;
				CLANG_WARN_INFINITE_RECURSION = YES;
				CLANG_WARN_INT_CONVERSION = YES;
				CLANG_WARN_NON_LITERAL_NULL_CONVERSION = YES;
				CLANG_WARN_OBJC_IMPLICIT_RETAIN_SELF = YES;
				CLANG_WARN_OBJC_LITERAL_CONVERSION = YES;
				CLANG_WARN_OBJC_ROOT_CLASS = YES_ERROR;
				CLANG_WARN_QUOTED_INCLUDE_IN_FRAMEWORK_HEADER = YES;
				CLANG_WARN_RANGE_LOOP_ANALYSIS = YES;
				CLANG_WARN_STRICT_PROTOTYPES = YES;
				CLANG_WARN_SUSPICIOUS_MOVE = YES;
				CLANG_WARN_UNGUARDED_AVAILABILITY = YES_AGGRESSIVE;
				CLANG_WARN_UNREACHABLE_CODE = YES;
				CLANG_WARN__DUPLICATE_METHOD_MATCH = YES;
				COPY_PHASE_STRIP = NO;
				DEBUG_INFORMATION_FORMAT = dwarf;
				ENABLE_STRICT_OBJC_MSGSEND = YES;
				ENABLE_TESTABILITY = YES;
				GCC_C_LANGUAGE_STANDARD = gnu11;
				GCC_DYNAMIC_NO_PIC = NO;
				GCC_NO_COMMON_BLOCKS = YES;
				GCC_OPTIMIZATION_LEVEL = 0;
				GCC_PREPROCESSOR_DEFINITIONS = (
					"DEBUG=1",
					"$(inherited)",
				);
				GCC_WARN_64_TO_32_BIT_CONVERSION = YES;
				GCC_WARN_ABOUT_RETURN_TYPE = YES_ERROR;
				GCC_WARN_UNDECLARED_SELECTOR = YES;
				GCC_WARN_UNINITIALIZED_AUTOS = YES_AGGRESSIVE;
				GCC_WARN_UNUSED_FUNCTION = YES;
				GCC_WARN_UNUSED_VARIABLE = YES;
				IPHONEOS_DEPLOYMENT_TARGET = 15.5;
				MTL_ENABLE_DEBUG_INFO = INCLUDE_SOURCE;
				MTL_FAST_MATH = YES;
				ONLY_ACTIVE_ARCH = YES;
				SDKROOT = iphoneos;
				SWIFT_ACTIVE_COMPILATION_CONDITIONS = DEBUG;
				SWIFT_OPTIMIZATION_LEVEL = "-Onone";
			};
			name = Debug;
		};
		B29AF1812881C18700E58C0B /* Release */ = {
			isa = XCBuildConfiguration;
			buildSettings = {
				ALWAYS_SEARCH_USER_PATHS = NO;
				CLANG_ANALYZER_NONNULL = YES;
				CLANG_ANALYZER_NUMBER_OBJECT_CONVERSION = YES_AGGRESSIVE;
				CLANG_CXX_LANGUAGE_STANDARD = "gnu++17";
				CLANG_ENABLE_MODULES = YES;
				CLANG_ENABLE_OBJC_ARC = YES;
				CLANG_ENABLE_OBJC_WEAK = YES;
				CLANG_WARN_BLOCK_CAPTURE_AUTORELEASING = YES;
				CLANG_WARN_BOOL_CONVERSION = YES;
				CLANG_WARN_COMMA = YES;
				CLANG_WARN_CONSTANT_CONVERSION = YES;
				CLANG_WARN_DEPRECATED_OBJC_IMPLEMENTATIONS = YES;
				CLANG_WARN_DIRECT_OBJC_ISA_USAGE = YES_ERROR;
				CLANG_WARN_DOCUMENTATION_COMMENTS = YES;
				CLANG_WARN_EMPTY_BODY = YES;
				CLANG_WARN_ENUM_CONVERSION = YES;
				CLANG_WARN_INFINITE_RECURSION = YES;
				CLANG_WARN_INT_CONVERSION = YES;
				CLANG_WARN_NON_LITERAL_NULL_CONVERSION = YES;
				CLANG_WARN_OBJC_IMPLICIT_RETAIN_SELF = YES;
				CLANG_WARN_OBJC_LITERAL_CONVERSION = YES;
				CLANG_WARN_OBJC_ROOT_CLASS = YES_ERROR;
				CLANG_WARN_QUOTED_INCLUDE_IN_FRAMEWORK_HEADER = YES;
				CLANG_WARN_RANGE_LOOP_ANALYSIS = YES;
				CLANG_WARN_STRICT_PROTOTYPES = YES;
				CLANG_WARN_SUSPICIOUS_MOVE = YES;
				CLANG_WARN_UNGUARDED_AVAILABILITY = YES_AGGRESSIVE;
				CLANG_WARN_UNREACHABLE_CODE = YES;
				CLANG_WARN__DUPLICATE_METHOD_MATCH = YES;
				COPY_PHASE_STRIP = NO;
				DEBUG_INFORMATION_FORMAT = "dwarf-with-dsym";
				ENABLE_NS_ASSERTIONS = NO;
				ENABLE_STRICT_OBJC_MSGSEND = YES;
				GCC_C_LANGUAGE_STANDARD = gnu11;
				GCC_NO_COMMON_BLOCKS = YES;
				GCC_WARN_64_TO_32_BIT_CONVERSION = YES;
				GCC_WARN_ABOUT_RETURN_TYPE = YES_ERROR;
				GCC_WARN_UNDECLARED_SELECTOR = YES;
				GCC_WARN_UNINITIALIZED_AUTOS = YES_AGGRESSIVE;
				GCC_WARN_UNUSED_FUNCTION = YES;
				GCC_WARN_UNUSED_VARIABLE = YES;
				IPHONEOS_DEPLOYMENT_TARGET = 15.5;
				MTL_ENABLE_DEBUG_INFO = NO;
				MTL_FAST_MATH = YES;
				SDKROOT = iphoneos;
				SWIFT_COMPILATION_MODE = wholemodule;
				SWIFT_OPTIMIZATION_LEVEL = "-O";
				VALIDATE_PRODUCT = YES;
			};
			name = Release;
		};
		B29AF1832881C18700E58C0B /* Debug */ = {
			isa = XCBuildConfiguration;
			buildSettings = {
				ASSETCATALOG_COMPILER_APPICON_NAME = AppIcon;
				ASSETCATALOG_COMPILER_GLOBAL_ACCENT_COLOR_NAME = AccentColor;
				CODE_SIGN_STYLE = Automatic;
				CURRENT_PROJECT_VERSION = 1;
				DEVELOPMENT_ASSET_PATHS = "\"Day99_SnowSeeker_WrapUp/Preview Content\"";
				DEVELOPMENT_TEAM = L73M8R7276;
				ENABLE_PREVIEWS = YES;
				GENERATE_INFOPLIST_FILE = YES;
				INFOPLIST_KEY_UIApplicationSceneManifest_Generation = YES;
				INFOPLIST_KEY_UIApplicationSupportsIndirectInputEvents = YES;
				INFOPLIST_KEY_UILaunchScreen_Generation = YES;
				INFOPLIST_KEY_UISupportedInterfaceOrientations_iPad = "UIInterfaceOrientationPortrait UIInterfaceOrientationPortraitUpsideDown UIInterfaceOrientationLandscapeLeft UIInterfaceOrientationLandscapeRight";
				INFOPLIST_KEY_UISupportedInterfaceOrientations_iPhone = "UIInterfaceOrientationPortrait UIInterfaceOrientationLandscapeLeft UIInterfaceOrientationLandscapeRight";
				LD_RUNPATH_SEARCH_PATHS = (
					"$(inherited)",
					"@executable_path/Frameworks",
				);
				MARKETING_VERSION = 1.0;
				PRODUCT_BUNDLE_IDENTIFIER = "LeeMcCormick.Day99-SnowSeeker-WrapUp";
				PRODUCT_NAME = "$(TARGET_NAME)";
				SWIFT_EMIT_LOC_STRINGS = YES;
				SWIFT_VERSION = 5.0;
				TARGETED_DEVICE_FAMILY = "1,2";
			};
			name = Debug;
		};
		B29AF1842881C18700E58C0B /* Release */ = {
			isa = XCBuildConfiguration;
			buildSettings = {
				ASSETCATALOG_COMPILER_APPICON_NAME = AppIcon;
				ASSETCATALOG_COMPILER_GLOBAL_ACCENT_COLOR_NAME = AccentColor;
				CODE_SIGN_STYLE = Automatic;
				CURRENT_PROJECT_VERSION = 1;
				DEVELOPMENT_ASSET_PATHS = "\"Day99_SnowSeeker_WrapUp/Preview Content\"";
				DEVELOPMENT_TEAM = L73M8R7276;
				ENABLE_PREVIEWS = YES;
				GENERATE_INFOPLIST_FILE = YES;
				INFOPLIST_KEY_UIApplicationSceneManifest_Generation = YES;
				INFOPLIST_KEY_UIApplicationSupportsIndirectInputEvents = YES;
				INFOPLIST_KEY_UILaunchScreen_Generation = YES;
				INFOPLIST_KEY_UISupportedInterfaceOrientations_iPad = "UIInterfaceOrientationPortrait UIInterfaceOrientationPortraitUpsideDown UIInterfaceOrientationLandscapeLeft UIInterfaceOrientationLandscapeRight";
				INFOPLIST_KEY_UISupportedInterfaceOrientations_iPhone = "UIInterfaceOrientationPortrait UIInterfaceOrientationLandscapeLeft UIInterfaceOrientationLandscapeRight";
				LD_RUNPATH_SEARCH_PATHS = (
					"$(inherited)",
					"@executable_path/Frameworks",
				);
				MARKETING_VERSION = 1.0;
				PRODUCT_BUNDLE_IDENTIFIER = "LeeMcCormick.Day99-SnowSeeker-WrapUp";
				PRODUCT_NAME = "$(TARGET_NAME)";
				SWIFT_EMIT_LOC_STRINGS = YES;
				SWIFT_VERSION = 5.0;
				TARGETED_DEVICE_FAMILY = "1,2";
			};
			name = Release;
		};
/* End XCBuildConfiguration section */

/* Begin XCConfigurationList section */
		B29AF16F2881C18400E58C0B /* Build configuration list for PBXProject "Day99_SnowSeeker_WrapUp" */ = {
			isa = XCConfigurationList;
			buildConfigurations = (
				B29AF1802881C18700E58C0B /* Debug */,
				B29AF1812881C18700E58C0B /* Release */,
			);
			defaultConfigurationIsVisible = 0;
			defaultConfigurationName = Release;
		};
		B29AF1822881C18700E58C0B /* Build configuration list for PBXNativeTarget "Day99_SnowSeeker_WrapUp" */ = {
			isa = XCConfigurationList;
			buildConfigurations = (
				B29AF1832881C18700E58C0B /* Debug */,
				B29AF1842881C18700E58C0B /* Release */,
			);
			defaultConfigurationIsVisible = 0;
			defaultConfigurationName = Release;
		};
/* End XCConfigurationList section */
	};
	rootObject = B29AF16C2881C18400E58C0B /* Project object */;
}
