// !$*UTF8*$!
{
	archiveVersion = 1;
	classes = {
	};
	objectVersion = 55;
	objects = {

/* Begin PBXBuildFile section */
		B261FA8828778E2F00A08F7E /* Day85_HotProspects_WrapUpApp.swift in Sources */ = {isa = PBXBuildFile; fileRef = B261FA8728778E2F00A08F7E /* Day85_HotProspects_WrapUpApp.swift */; };
		B261FA8A28778E2F00A08F7E /* ContentView.swift in Sources */ = {isa = PBXBuildFile; fileRef = B261FA8928778E2F00A08F7E /* ContentView.swift */; };
		B261FA8C28778E3400A08F7E /* Assets.xcassets in Resources */ = {isa = PBXBuildFile; fileRef = B261FA8B28778E3400A08F7E /* Assets.xcassets */; };
		B261FA8F28778E3400A08F7E /* Preview Assets.xcassets in Resources */ = {isa = PBXBuildFile; fileRef = B261FA8E28778E3400A08F7E /* Preview Assets.xcassets */; };
		B261FA9628778F1100A08F7E /* ProspectsView.swift in Sources */ = {isa = PBXBuildFile; fileRef = B261FA9528778F1100A08F7E /* ProspectsView.swift */; };
		B261FA9828778F1F00A08F7E /* MeView.swift in Sources */ = {isa = PBXBuildFile; fileRef = B261FA9728778F1F00A08F7E /* MeView.swift */; };
		B261FA9A28778F5400A08F7E /* Prospects.swift in Sources */ = {isa = PBXBuildFile; fileRef = B261FA9928778F5400A08F7E /* Prospects.swift */; };
		B261FA9C28778F6200A08F7E /* ImageSaver.swift in Sources */ = {isa = PBXBuildFile; fileRef = B261FA9B28778F6200A08F7E /* ImageSaver.swift */; };
		B261FA9F2877909200A08F7E /* CodeScanner in Frameworks */ = {isa = PBXBuildFile; productRef = B261FA9E2877909200A08F7E /* CodeScanner */; };
/* End PBXBuildFile section */

/* Begin PBXFileReference section */
		B261FA8428778E2F00A08F7E /* Day85_HotProspects_WrapUp.app */ = {isa = PBXFileReference; explicitFileType = wrapper.application; includeInIndex = 0; path = Day85_HotProspects_WrapUp.app; sourceTree = BUILT_PRODUCTS_DIR; };
		B261FA8728778E2F00A08F7E /* Day85_HotProspects_WrapUpApp.swift */ = {isa = PBXFileReference; lastKnownFileType = sourcecode.swift; path = Day85_HotProspects_WrapUpApp.swift; sourceTree = "<group>"; };
		B261FA8928778E2F00A08F7E /* ContentView.swift */ = {isa = PBXFileReference; lastKnownFileType = sourcecode.swift; path = ContentView.swift; sourceTree = "<group>"; };
		B261FA8B28778E3400A08F7E /* Assets.xcassets */ = {isa = PBXFileReference; lastKnownFileType = folder.assetcatalog; path = Assets.xcassets; sourceTree = "<group>"; };
		B261FA8E28778E3400A08F7E /* Preview Assets.xcassets */ = {isa = PBXFileReference; lastKnownFileType = folder.assetcatalog; path = "Preview Assets.xcassets"; sourceTree = "<group>"; };
		B261FA9528778F1100A08F7E /* ProspectsView.swift */ = {isa = PBXFileReference; lastKnownFileType = sourcecode.swift; path = ProspectsView.swift; sourceTree = "<group>"; };
		B261FA9728778F1F00A08F7E /* MeView.swift */ = {isa = PBXFileReference; lastKnownFileType = sourcecode.swift; path = MeView.swift; sourceTree = "<group>"; };
		B261FA9928778F5400A08F7E /* Prospects.swift */ = {isa = PBXFileReference; lastKnownFileType = sourcecode.swift; path = Prospects.swift; sourceTree = "<group>"; };
		B261FA9B28778F6200A08F7E /* ImageSaver.swift */ = {isa = PBXFileReference; lastKnownFileType = sourcecode.swift; path = ImageSaver.swift; sourceTree = "<group>"; };
/* End PBXFileReference section */

/* Begin PBXFrameworksBuildPhase section */
		B261FA8128778E2F00A08F7E /* Frameworks */ = {
			isa = PBXFrameworksBuildPhase;
			buildActionMask = 2147483647;
			files = (
				B261FA9F2877909200A08F7E /* CodeScanner in Frameworks */,
			);
			runOnlyForDeploymentPostprocessing = 0;
		};
/* End PBXFrameworksBuildPhase section */

/* Begin PBXGroup section */
		B261FA7B28778E2F00A08F7E = {
			isa = PBXGroup;
			children = (
				B261FA8628778E2F00A08F7E /* Day85_HotProspects_WrapUp */,
				B261FA8528778E2F00A08F7E /* Products */,
			);
			sourceTree = "<group>";
		};
		B261FA8528778E2F00A08F7E /* Products */ = {
			isa = PBXGroup;
			children = (
				B261FA8428778E2F00A08F7E /* Day85_HotProspects_WrapUp.app */,
			);
			name = Products;
			sourceTree = "<group>";
		};
		B261FA8628778E2F00A08F7E /* Day85_HotProspects_WrapUp */ = {
			isa = PBXGroup;
			children = (
				B261FA8728778E2F00A08F7E /* Day85_HotProspects_WrapUpApp.swift */,
				B261FA8928778E2F00A08F7E /* ContentView.swift */,
				B261FA8B28778E3400A08F7E /* Assets.xcassets */,
				B261FA8D28778E3400A08F7E /* Preview Content */,
				B261FA9528778F1100A08F7E /* ProspectsView.swift */,
				B261FA9728778F1F00A08F7E /* MeView.swift */,
				B261FA9928778F5400A08F7E /* Prospects.swift */,
				B261FA9B28778F6200A08F7E /* ImageSaver.swift */,
			);
			path = Day85_HotProspects_WrapUp;
			sourceTree = "<group>";
		};
		B261FA8D28778E3400A08F7E /* Preview Content */ = {
			isa = PBXGroup;
			children = (
				B261FA8E28778E3400A08F7E /* Preview Assets.xcassets */,
			);
			path = "Preview Content";
			sourceTree = "<group>";
		};
/* End PBXGroup section */

/* Begin PBXNativeTarget section */
		B261FA8328778E2F00A08F7E /* Day85_HotProspects_WrapUp */ = {
			isa = PBXNativeTarget;
			buildConfigurationList = B261FA9228778E3400A08F7E /* Build configuration list for PBXNativeTarget "Day85_HotProspects_WrapUp" */;
			buildPhases = (
				B261FA8028778E2F00A08F7E /* Sources */,
				B261FA8128778E2F00A08F7E /* Frameworks */,
				B261FA8228778E2F00A08F7E /* Resources */,
			);
			buildRules = (
			);
			dependencies = (
			);
			name = Day85_HotProspects_WrapUp;
			packageProductDependencies = (
				B261FA9E2877909200A08F7E /* CodeScanner */,
			);
			productName = Day85_HotProspects_WrapUp;
			productReference = B261FA8428778E2F00A08F7E /* Day85_HotProspects_WrapUp.app */;
			productType = "com.apple.product-type.application";
		};
/* End PBXNativeTarget section */

/* Begin PBXProject section */
		B261FA7C28778E2F00A08F7E /* Project object */ = {
			isa = PBXProject;
			attributes = {
				BuildIndependentTargetsInParallel = 1;
				LastSwiftUpdateCheck = 1340;
				LastUpgradeCheck = 1340;
				TargetAttributes = {
					B261FA8328778E2F00A08F7E = {
						CreatedOnToolsVersion = 13.4.1;
					};
				};
			};
			buildConfigurationList = B261FA7F28778E2F00A08F7E /* Build configuration list for PBXProject "Day85_HotProspects_WrapUp" */;
			compatibilityVersion = "Xcode 13.0";
			developmentRegion = en;
			hasScannedForEncodings = 0;
			knownRegions = (
				en,
				Base,
			);
			mainGroup = B261FA7B28778E2F00A08F7E;
			packageReferences = (
				B261FA9D2877909200A08F7E /* XCRemoteSwiftPackageReference "CodeScanner" */,
			);
			productRefGroup = B261FA8528778E2F00A08F7E /* Products */;
			projectDirPath = "";
			projectRoot = "";
			targets = (
				B261FA8328778E2F00A08F7E /* Day85_HotProspects_WrapUp */,
			);
		};
/* End PBXProject section */

/* Begin PBXResourcesBuildPhase section */
		B261FA8228778E2F00A08F7E /* Resources */ = {
			isa = PBXResourcesBuildPhase;
			buildActionMask = 2147483647;
			files = (
				B261FA8F28778E3400A08F7E /* Preview Assets.xcassets in Resources */,
				B261FA8C28778E3400A08F7E /* Assets.xcassets in Resources */,
			);
			runOnlyForDeploymentPostprocessing = 0;
		};
/* End PBXResourcesBuildPhase section */

/* Begin PBXSourcesBuildPhase section */
		B261FA8028778E2F00A08F7E /* Sources */ = {
			isa = PBXSourcesBuildPhase;
			buildActionMask = 2147483647;
			files = (
				B261FA9828778F1F00A08F7E /* MeView.swift in Sources */,
				B261FA9C28778F6200A08F7E /* ImageSaver.swift in Sources */,
				B261FA9628778F1100A08F7E /* ProspectsView.swift in Sources */,
				B261FA8A28778E2F00A08F7E /* ContentView.swift in Sources */,
				B261FA8828778E2F00A08F7E /* Day85_HotProspects_WrapUpApp.swift in Sources */,
				B261FA9A28778F5400A08F7E /* Prospects.swift in Sources */,
			);
			runOnlyForDeploymentPostprocessing = 0;
		};
/* End PBXSourcesBuildPhase section */

/* Begin XCBuildConfiguration section */
		B261FA9028778E3400A08F7E /* Debug */ = {
			isa = XCBuildConfiguration;
			buildSettings = {
				ALWAYS_SEARCH_USER_PATHS = NO;
				CLANG_ANALYZER_NONNULL = YES;
				CLANG_ANALYZER_NUMBER_OBJECT_CONVERSION = YES_AGGRESSIVE;
				CLANG_CXX_LANGUAGE_STANDARD = "gnu++17";
				CLANG_ENABLE_MODULES = YES;
				CLANG_ENABLE_OBJC_ARC = YES;
				CLANG_ENABLE_OBJC_WEAK = YES;
				CLANG_WARN_BLOCK_CAPTURE_AUTORELEASING = YES;
				CLANG_WARN_BOOL_CONVERSION = YES;
				CLANG_WARN_COMMA = YES;
				CLANG_WARN_CONSTANT_CONVERSION = YES;
				CLANG_WARN_DEPRECATED_OBJC_IMPLEMENTATIONS = YES;
				CLANG_WARN_DIRECT_OBJC_ISA_USAGE = YES_ERROR;
				CLANG_WARN_DOCUMENTATION_COMMENTS = YES;
				CLANG_WARN_EMPTY_BODY = YES;
				CLANG_WARN_ENUM_CONVERSION = YES;
				CLANG_WARN_INFINITE_RECURSION = YES;
				CLANG_WARN_INT_CONVERSION = YES;
				CLANG_WARN_NON_LITERAL_NULL_CONVERSION = YES;
				CLANG_WARN_OBJC_IMPLICIT_RETAIN_SELF = YES;
				CLANG_WARN_OBJC_LITERAL_CONVERSION = YES;
				CLANG_WARN_OBJC_ROOT_CLASS = YES_ERROR;
				CLANG_WARN_QUOTED_INCLUDE_IN_FRAMEWORK_HEADER = YES;
				CLANG_WARN_RANGE_LOOP_ANALYSIS = YES;
				CLANG_WARN_STRICT_PROTOTYPES = YES;
				CLANG_WARN_SUSPICIOUS_MOVE = YES;
				CLANG_WARN_UNGUARDED_AVAILABILITY = YES_AGGRESSIVE;
				CLANG_WARN_UNREACHABLE_CODE = YES;
				CLANG_WARN__DUPLICATE_METHOD_MATCH = YES;
				COPY_PHASE_STRIP = NO;
				DEBUG_INFORMATION_FORMAT = dwarf;
				ENABLE_STRICT_OBJC_MSGSEND = YES;
				ENABLE_TESTABILITY = YES;
				GCC_C_LANGUAGE_STANDARD = gnu11;
				GCC_DYNAMIC_NO_PIC = NO;
				GCC_NO_COMMON_BLOCKS = YES;
				GCC_OPTIMIZATION_LEVEL = 0;
				GCC_PREPROCESSOR_DEFINITIONS = (
					"DEBUG=1",
					"$(inherited)",
				);
				GCC_WARN_64_TO_32_BIT_CONVERSION = YES;
				GCC_WARN_ABOUT_RETURN_TYPE = YES_ERROR;
				GCC_WARN_UNDECLARED_SELECTOR = YES;
				GCC_WARN_UNINITIALIZED_AUTOS = YES_AGGRESSIVE;
				GCC_WARN_UNUSED_FUNCTION = YES;
				GCC_WARN_UNUSED_VARIABLE = YES;
				IPHONEOS_DEPLOYMENT_TARGET = 15.5;
				MTL_ENABLE_DEBUG_INFO = INCLUDE_SOURCE;
				MTL_FAST_MATH = YES;
				ONLY_ACTIVE_ARCH = YES;
				SDKROOT = iphoneos;
				SWIFT_ACTIVE_COMPILATION_CONDITIONS = DEBUG;
				SWIFT_OPTIMIZATION_LEVEL = "-Onone";
			};
			name = Debug;
		};
		B261FA9128778E3400A08F7E /* Release */ = {
			isa = XCBuildConfiguration;
			buildSettings = {
				ALWAYS_SEARCH_USER_PATHS = NO;
				CLANG_ANALYZER_NONNULL = YES;
				CLANG_ANALYZER_NUMBER_OBJECT_CONVERSION = YES_AGGRESSIVE;
				CLANG_CXX_LANGUAGE_STANDARD = "gnu++17";
				CLANG_ENABLE_MODULES = YES;
				CLANG_ENABLE_OBJC_ARC = YES;
				CLANG_ENABLE_OBJC_WEAK = YES;
				CLANG_WARN_BLOCK_CAPTURE_AUTORELEASING = YES;
				CLANG_WARN_BOOL_CONVERSION = YES;
				CLANG_WARN_COMMA = YES;
				CLANG_WARN_CONSTANT_CONVERSION = YES;
				CLANG_WARN_DEPRECATED_OBJC_IMPLEMENTATIONS = YES;
				CLANG_WARN_DIRECT_OBJC_ISA_USAGE = YES_ERROR;
				CLANG_WARN_DOCUMENTATION_COMMENTS = YES;
				CLANG_WARN_EMPTY_BODY = YES;
				CLANG_WARN_ENUM_CONVERSION = YES;
				CLANG_WARN_INFINITE_RECURSION = YES;
				CLANG_WARN_INT_CONVERSION = YES;
				CLANG_WARN_NON_LITERAL_NULL_CONVERSION = YES;
				CLANG_WARN_OBJC_IMPLICIT_RETAIN_SELF = YES;
				CLANG_WARN_OBJC_LITERAL_CONVERSION = YES;
				CLANG_WARN_OBJC_ROOT_CLASS = YES_ERROR;
				CLANG_WARN_QUOTED_INCLUDE_IN_FRAMEWORK_HEADER = YES;
				CLANG_WARN_RANGE_LOOP_ANALYSIS = YES;
				CLANG_WARN_STRICT_PROTOTYPES = YES;
				CLANG_WARN_SUSPICIOUS_MOVE = YES;
				CLANG_WARN_UNGUARDED_AVAILABILITY = YES_AGGRESSIVE;
				CLANG_WARN_UNREACHABLE_CODE = YES;
				CLANG_WARN__DUPLICATE_METHOD_MATCH = YES;
				COPY_PHASE_STRIP = NO;
				DEBUG_INFORMATION_FORMAT = "dwarf-with-dsym";
				ENABLE_NS_ASSERTIONS = NO;
				ENABLE_STRICT_OBJC_MSGSEND = YES;
				GCC_C_LANGUAGE_STANDARD = gnu11;
				GCC_NO_COMMON_BLOCKS = YES;
				GCC_WARN_64_TO_32_BIT_CONVERSION = YES;
				GCC_WARN_ABOUT_RETURN_TYPE = YES_ERROR;
				GCC_WARN_UNDECLARED_SELECTOR = YES;
				GCC_WARN_UNINITIALIZED_AUTOS = YES_AGGRESSIVE;
				GCC_WARN_UNUSED_FUNCTION = YES;
				GCC_WARN_UNUSED_VARIABLE = YES;
				IPHONEOS_DEPLOYMENT_TARGET = 15.5;
				MTL_ENABLE_DEBUG_INFO = NO;
				MTL_FAST_MATH = YES;
				SDKROOT = iphoneos;
				SWIFT_COMPILATION_MODE = wholemodule;
				SWIFT_OPTIMIZATION_LEVEL = "-O";
				VALIDATE_PRODUCT = YES;
			};
			name = Release;
		};
		B261FA9328778E3400A08F7E /* Debug */ = {
			isa = XCBuildConfiguration;
			buildSettings = {
				ASSETCATALOG_COMPILER_APPICON_NAME = AppIcon;
				ASSETCATALOG_COMPILER_GLOBAL_ACCENT_COLOR_NAME = AccentColor;
				CODE_SIGN_STYLE = Automatic;
				CURRENT_PROJECT_VERSION = 1;
				DEVELOPMENT_ASSET_PATHS = "\"Day85_HotProspects_WrapUp/Preview Content\"";
				DEVELOPMENT_TEAM = L73M8R7276;
				ENABLE_PREVIEWS = YES;
				GENERATE_INFOPLIST_FILE = YES;
				INFOPLIST_KEY_NSCameraUsageDescription = "We want to scan qr code.";
				INFOPLIST_KEY_NSPhotoLibraryUsageDescription = "We want to save qr code in your photo library.";
				INFOPLIST_KEY_UIApplicationSceneManifest_Generation = YES;
				INFOPLIST_KEY_UIApplicationSupportsIndirectInputEvents = YES;
				INFOPLIST_KEY_UILaunchScreen_Generation = YES;
				INFOPLIST_KEY_UISupportedInterfaceOrientations_iPad = "UIInterfaceOrientationPortrait UIInterfaceOrientationPortraitUpsideDown UIInterfaceOrientationLandscapeLeft UIInterfaceOrientationLandscapeRight";
				INFOPLIST_KEY_UISupportedInterfaceOrientations_iPhone = "UIInterfaceOrientationPortrait UIInterfaceOrientationLandscapeLeft UIInterfaceOrientationLandscapeRight";
				LD_RUNPATH_SEARCH_PATHS = (
					"$(inherited)",
					"@executable_path/Frameworks",
				);
				MARKETING_VERSION = 1.0;
				PRODUCT_BUNDLE_IDENTIFIER = "LeeMcCormick.Day85-HotProspects-WrapUp";
				PRODUCT_NAME = "$(TARGET_NAME)";
				SWIFT_EMIT_LOC_STRINGS = YES;
				SWIFT_VERSION = 5.0;
				TARGETED_DEVICE_FAMILY = "1,2";
			};
			name = Debug;
		};
		B261FA9428778E3400A08F7E /* Release */ = {
			isa = XCBuildConfiguration;
			buildSettings = {
				ASSETCATALOG_COMPILER_APPICON_NAME = AppIcon;
				ASSETCATALOG_COMPILER_GLOBAL_ACCENT_COLOR_NAME = AccentColor;
				CODE_SIGN_STYLE = Automatic;
				CURRENT_PROJECT_VERSION = 1;
				DEVELOPMENT_ASSET_PATHS = "\"Day85_HotProspects_WrapUp/Preview Content\"";
				DEVELOPMENT_TEAM = L73M8R7276;
				ENABLE_PREVIEWS = YES;
				GENERATE_INFOPLIST_FILE = YES;
				INFOPLIST_KEY_NSCameraUsageDescription = "We want to scan qr code.";
				INFOPLIST_KEY_NSPhotoLibraryUsageDescription = "We want to save qr code in your photo library.";
				INFOPLIST_KEY_UIApplicationSceneManifest_Generation = YES;
				INFOPLIST_KEY_UIApplicationSupportsIndirectInputEvents = YES;
				INFOPLIST_KEY_UILaunchScreen_Generation = YES;
				INFOPLIST_KEY_UISupportedInterfaceOrientations_iPad = "UIInterfaceOrientationPortrait UIInterfaceOrientationPortraitUpsideDown UIInterfaceOrientationLandscapeLeft UIInterfaceOrientationLandscapeRight";
				INFOPLIST_KEY_UISupportedInterfaceOrientations_iPhone = "UIInterfaceOrientationPortrait UIInterfaceOrientationLandscapeLeft UIInterfaceOrientationLandscapeRight";
				LD_RUNPATH_SEARCH_PATHS = (
					"$(inherited)",
					"@executable_path/Frameworks",
				);
				MARKETING_VERSION = 1.0;
				PRODUCT_BUNDLE_IDENTIFIER = "LeeMcCormick.Day85-HotProspects-WrapUp";
				PRODUCT_NAME = "$(TARGET_NAME)";
				SWIFT_EMIT_LOC_STRINGS = YES;
				SWIFT_VERSION = 5.0;
				TARGETED_DEVICE_FAMILY = "1,2";
			};
			name = Release;
		};
/* End XCBuildConfiguration section */

/* Begin XCConfigurationList section */
		B261FA7F28778E2F00A08F7E /* Build configuration list for PBXProject "Day85_HotProspects_WrapUp" */ = {
			isa = XCConfigurationList;
			buildConfigurations = (
				B261FA9028778E3400A08F7E /* Debug */,
				B261FA9128778E3400A08F7E /* Release */,
			);
			defaultConfigurationIsVisible = 0;
			defaultConfigurationName = Release;
		};
		B261FA9228778E3400A08F7E /* Build configuration list for PBXNativeTarget "Day85_HotProspects_WrapUp" */ = {
			isa = XCConfigurationList;
			buildConfigurations = (
				B261FA9328778E3400A08F7E /* Debug */,
				B261FA9428778E3400A08F7E /* Release */,
			);
			defaultConfigurationIsVisible = 0;
			defaultConfigurationName = Release;
		};
/* End XCConfigurationList section */

/* Begin XCRemoteSwiftPackageReference section */
		B261FA9D2877909200A08F7E /* XCRemoteSwiftPackageReference "CodeScanner" */ = {
			isa = XCRemoteSwiftPackageReference;
			repositoryURL = "https://github.com/twostraws/CodeScanner";
			requirement = {
				branch = main;
				kind = branch;
			};
		};
/* End XCRemoteSwiftPackageReference section */

/* Begin XCSwiftPackageProductDependency section */
		B261FA9E2877909200A08F7E /* CodeScanner */ = {
			isa = XCSwiftPackageProductDependency;
			package = B261FA9D2877909200A08F7E /* XCRemoteSwiftPackageReference "CodeScanner" */;
			productName = CodeScanner;
		};
/* End XCSwiftPackageProductDependency section */
	};
	rootObject = B261FA7C28778E2F00A08F7E /* Project object */;
}
