// !$*UTF8*$!
{
	archiveVersion = 1;
	classes = {
	};
	objectVersion = 55;
	objects = {

/* Begin PBXBuildFile section */
		B275699628028D0D00E84C68 /* Day40_MoonShotPart2App.swift in Sources */ = {isa = PBXBuildFile; fileRef = B275699528028D0D00E84C68 /* Day40_MoonShotPart2App.swift */; };
		B275699828028D0D00E84C68 /* ContentView.swift in Sources */ = {isa = PBXBuildFile; fileRef = B275699728028D0D00E84C68 /* ContentView.swift */; };
		B275699A28028D1600E84C68 /* Assets.xcassets in Resources */ = {isa = PBXBuildFile; fileRef = B275699928028D1600E84C68 /* Assets.xcassets */; };
		B275699D28028D1600E84C68 /* Preview Assets.xcassets in Resources */ = {isa = PBXBuildFile; fileRef = B275699C28028D1600E84C68 /* Preview Assets.xcassets */; };
		B27569A528028ED300E84C68 /* missions.json in Resources */ = {isa = PBXBuildFile; fileRef = B27569A328028ED300E84C68 /* missions.json */; };
		B27569A628028ED300E84C68 /* astronauts.json in Resources */ = {isa = PBXBuildFile; fileRef = B27569A428028ED300E84C68 /* astronauts.json */; };
		B27569A828028F6D00E84C68 /* Astronaut.swift in Sources */ = {isa = PBXBuildFile; fileRef = B27569A728028F6D00E84C68 /* Astronaut.swift */; };
		B27569AA2803A15900E84C68 /* Bundle-Decodable.swift in Sources */ = {isa = PBXBuildFile; fileRef = B27569A92803A15900E84C68 /* Bundle-Decodable.swift */; };
		B27569AC2803E56E00E84C68 /* Mission.swift in Sources */ = {isa = PBXBuildFile; fileRef = B27569AB2803E56D00E84C68 /* Mission.swift */; };
		B27569AE2804EA7900E84C68 /* Color-Theme.swift in Sources */ = {isa = PBXBuildFile; fileRef = B27569AD2804EA7900E84C68 /* Color-Theme.swift */; };
/* End PBXBuildFile section */

/* Begin PBXFileReference section */
		B275699228028D0D00E84C68 /* Day40_MoonShotPart2.app */ = {isa = PBXFileReference; explicitFileType = wrapper.application; includeInIndex = 0; path = Day40_MoonShotPart2.app; sourceTree = BUILT_PRODUCTS_DIR; };
		B275699528028D0D00E84C68 /* Day40_MoonShotPart2App.swift */ = {isa = PBXFileReference; lastKnownFileType = sourcecode.swift; path = Day40_MoonShotPart2App.swift; sourceTree = "<group>"; };
		B275699728028D0D00E84C68 /* ContentView.swift */ = {isa = PBXFileReference; lastKnownFileType = sourcecode.swift; path = ContentView.swift; sourceTree = "<group>"; };
		B275699928028D1600E84C68 /* Assets.xcassets */ = {isa = PBXFileReference; lastKnownFileType = folder.assetcatalog; path = Assets.xcassets; sourceTree = "<group>"; };
		B275699C28028D1600E84C68 /* Preview Assets.xcassets */ = {isa = PBXFileReference; lastKnownFileType = folder.assetcatalog; path = "Preview Assets.xcassets"; sourceTree = "<group>"; };
		B27569A328028ED300E84C68 /* missions.json */ = {isa = PBXFileReference; fileEncoding = 4; lastKnownFileType = text.json; name = missions.json; path = "../../HackingWithSwift-main/SwiftUI/project8-files/missions.json"; sourceTree = "<group>"; };
		B27569A428028ED300E84C68 /* astronauts.json */ = {isa = PBXFileReference; fileEncoding = 4; lastKnownFileType = text.json; name = astronauts.json; path = "../../HackingWithSwift-main/SwiftUI/project8-files/astronauts.json"; sourceTree = "<group>"; };
		B27569A728028F6D00E84C68 /* Astronaut.swift */ = {isa = PBXFileReference; lastKnownFileType = sourcecode.swift; path = Astronaut.swift; sourceTree = "<group>"; };
		B27569A92803A15900E84C68 /* Bundle-Decodable.swift */ = {isa = PBXFileReference; lastKnownFileType = sourcecode.swift; path = "Bundle-Decodable.swift"; sourceTree = "<group>"; };
		B27569AB2803E56D00E84C68 /* Mission.swift */ = {isa = PBXFileReference; lastKnownFileType = sourcecode.swift; path = Mission.swift; sourceTree = "<group>"; };
		B27569AD2804EA7900E84C68 /* Color-Theme.swift */ = {isa = PBXFileReference; lastKnownFileType = sourcecode.swift; path = "Color-Theme.swift"; sourceTree = "<group>"; };
/* End PBXFileReference section */

/* Begin PBXFrameworksBuildPhase section */
		B275698F28028D0D00E84C68 /* Frameworks */ = {
			isa = PBXFrameworksBuildPhase;
			buildActionMask = 2147483647;
			files = (
			);
			runOnlyForDeploymentPostprocessing = 0;
		};
/* End PBXFrameworksBuildPhase section */

/* Begin PBXGroup section */
		B275698928028D0D00E84C68 = {
			isa = PBXGroup;
			children = (
				B275699428028D0D00E84C68 /* Day40_MoonShotPart2 */,
				B275699328028D0D00E84C68 /* Products */,
			);
			sourceTree = "<group>";
		};
		B275699328028D0D00E84C68 /* Products */ = {
			isa = PBXGroup;
			children = (
				B275699228028D0D00E84C68 /* Day40_MoonShotPart2.app */,
			);
			name = Products;
			sourceTree = "<group>";
		};
		B275699428028D0D00E84C68 /* Day40_MoonShotPart2 */ = {
			isa = PBXGroup;
			children = (
				B27569A92803A15900E84C68 /* Bundle-Decodable.swift */,
				B27569A428028ED300E84C68 /* astronauts.json */,
				B27569A328028ED300E84C68 /* missions.json */,
				B275699528028D0D00E84C68 /* Day40_MoonShotPart2App.swift */,
				B275699728028D0D00E84C68 /* ContentView.swift */,
				B275699928028D1600E84C68 /* Assets.xcassets */,
				B275699B28028D1600E84C68 /* Preview Content */,
				B27569A728028F6D00E84C68 /* Astronaut.swift */,
				B27569AB2803E56D00E84C68 /* Mission.swift */,
				B27569AD2804EA7900E84C68 /* Color-Theme.swift */,
			);
			path = Day40_MoonShotPart2;
			sourceTree = "<group>";
		};
		B275699B28028D1600E84C68 /* Preview Content */ = {
			isa = PBXGroup;
			children = (
				B275699C28028D1600E84C68 /* Preview Assets.xcassets */,
			);
			path = "Preview Content";
			sourceTree = "<group>";
		};
/* End PBXGroup section */

/* Begin PBXNativeTarget section */
		B275699128028D0D00E84C68 /* Day40_MoonShotPart2 */ = {
			isa = PBXNativeTarget;
			buildConfigurationList = B27569A028028D1600E84C68 /* Build configuration list for PBXNativeTarget "Day40_MoonShotPart2" */;
			buildPhases = (
				B275698E28028D0D00E84C68 /* Sources */,
				B275698F28028D0D00E84C68 /* Frameworks */,
				B275699028028D0D00E84C68 /* Resources */,
			);
			buildRules = (
			);
			dependencies = (
			);
			name = Day40_MoonShotPart2;
			productName = Day40_MoonShotPart2;
			productReference = B275699228028D0D00E84C68 /* Day40_MoonShotPart2.app */;
			productType = "com.apple.product-type.application";
		};
/* End PBXNativeTarget section */

/* Begin PBXProject section */
		B275698A28028D0D00E84C68 /* Project object */ = {
			isa = PBXProject;
			attributes = {
				BuildIndependentTargetsInParallel = 1;
				LastSwiftUpdateCheck = 1310;
				LastUpgradeCheck = 1310;
				TargetAttributes = {
					B275699128028D0D00E84C68 = {
						CreatedOnToolsVersion = 13.1;
					};
				};
			};
			buildConfigurationList = B275698D28028D0D00E84C68 /* Build configuration list for PBXProject "Day40_MoonShotPart2" */;
			compatibilityVersion = "Xcode 13.0";
			developmentRegion = en;
			hasScannedForEncodings = 0;
			knownRegions = (
				en,
				Base,
			);
			mainGroup = B275698928028D0D00E84C68;
			productRefGroup = B275699328028D0D00E84C68 /* Products */;
			projectDirPath = "";
			projectRoot = "";
			targets = (
				B275699128028D0D00E84C68 /* Day40_MoonShotPart2 */,
			);
		};
/* End PBXProject section */

/* Begin PBXResourcesBuildPhase section */
		B275699028028D0D00E84C68 /* Resources */ = {
			isa = PBXResourcesBuildPhase;
			buildActionMask = 2147483647;
			files = (
				B275699D28028D1600E84C68 /* Preview Assets.xcassets in Resources */,
				B27569A528028ED300E84C68 /* missions.json in Resources */,
				B275699A28028D1600E84C68 /* Assets.xcassets in Resources */,
				B27569A628028ED300E84C68 /* astronauts.json in Resources */,
			);
			runOnlyForDeploymentPostprocessing = 0;
		};
/* End PBXResourcesBuildPhase section */

/* Begin PBXSourcesBuildPhase section */
		B275698E28028D0D00E84C68 /* Sources */ = {
			isa = PBXSourcesBuildPhase;
			buildActionMask = 2147483647;
			files = (
				B27569A828028F6D00E84C68 /* Astronaut.swift in Sources */,
				B27569AE2804EA7900E84C68 /* Color-Theme.swift in Sources */,
				B275699828028D0D00E84C68 /* ContentView.swift in Sources */,
				B275699628028D0D00E84C68 /* Day40_MoonShotPart2App.swift in Sources */,
				B27569AC2803E56E00E84C68 /* Mission.swift in Sources */,
				B27569AA2803A15900E84C68 /* Bundle-Decodable.swift in Sources */,
			);
			runOnlyForDeploymentPostprocessing = 0;
		};
/* End PBXSourcesBuildPhase section */

/* Begin XCBuildConfiguration section */
		B275699E28028D1600E84C68 /* Debug */ = {
			isa = XCBuildConfiguration;
			buildSettings = {
				ALWAYS_SEARCH_USER_PATHS = NO;
				CLANG_ANALYZER_NONNULL = YES;
				CLANG_ANALYZER_NUMBER_OBJECT_CONVERSION = YES_AGGRESSIVE;
				CLANG_CXX_LANGUAGE_STANDARD = "gnu++17";
				CLANG_CXX_LIBRARY = "libc++";
				CLANG_ENABLE_MODULES = YES;
				CLANG_ENABLE_OBJC_ARC = YES;
				CLANG_ENABLE_OBJC_WEAK = YES;
				CLANG_WARN_BLOCK_CAPTURE_AUTORELEASING = YES;
				CLANG_WARN_BOOL_CONVERSION = YES;
				CLANG_WARN_COMMA = YES;
				CLANG_WARN_CONSTANT_CONVERSION = YES;
				CLANG_WARN_DEPRECATED_OBJC_IMPLEMENTATIONS = YES;
				CLANG_WARN_DIRECT_OBJC_ISA_USAGE = YES_ERROR;
				CLANG_WARN_DOCUMENTATION_COMMENTS = YES;
				CLANG_WARN_EMPTY_BODY = YES;
				CLANG_WARN_ENUM_CONVERSION = YES;
				CLANG_WARN_INFINITE_RECURSION = YES;
				CLANG_WARN_INT_CONVERSION = YES;
				CLANG_WARN_NON_LITERAL_NULL_CONVERSION = YES;
				CLANG_WARN_OBJC_IMPLICIT_RETAIN_SELF = YES;
				CLANG_WARN_OBJC_LITERAL_CONVERSION = YES;
				CLANG_WARN_OBJC_ROOT_CLASS = YES_ERROR;
				CLANG_WARN_QUOTED_INCLUDE_IN_FRAMEWORK_HEADER = YES;
				CLANG_WARN_RANGE_LOOP_ANALYSIS = YES;
				CLANG_WARN_STRICT_PROTOTYPES = YES;
				CLANG_WARN_SUSPICIOUS_MOVE = YES;
				CLANG_WARN_UNGUARDED_AVAILABILITY = YES_AGGRESSIVE;
				CLANG_WARN_UNREACHABLE_CODE = YES;
				CLANG_WARN__DUPLICATE_METHOD_MATCH = YES;
				COPY_PHASE_STRIP = NO;
				DEBUG_INFORMATION_FORMAT = dwarf;
				ENABLE_STRICT_OBJC_MSGSEND = YES;
				ENABLE_TESTABILITY = YES;
				GCC_C_LANGUAGE_STANDARD = gnu11;
				GCC_DYNAMIC_NO_PIC = NO;
				GCC_NO_COMMON_BLOCKS = YES;
				GCC_OPTIMIZATION_LEVEL = 0;
				GCC_PREPROCESSOR_DEFINITIONS = (
					"DEBUG=1",
					"$(inherited)",
				);
				GCC_WARN_64_TO_32_BIT_CONVERSION = YES;
				GCC_WARN_ABOUT_RETURN_TYPE = YES_ERROR;
				GCC_WARN_UNDECLARED_SELECTOR = YES;
				GCC_WARN_UNINITIALIZED_AUTOS = YES_AGGRESSIVE;
				GCC_WARN_UNUSED_FUNCTION = YES;
				GCC_WARN_UNUSED_VARIABLE = YES;
				IPHONEOS_DEPLOYMENT_TARGET = 15.0;
				MTL_ENABLE_DEBUG_INFO = INCLUDE_SOURCE;
				MTL_FAST_MATH = YES;
				ONLY_ACTIVE_ARCH = YES;
				SDKROOT = iphoneos;
				SWIFT_ACTIVE_COMPILATION_CONDITIONS = DEBUG;
				SWIFT_OPTIMIZATION_LEVEL = "-Onone";
			};
			name = Debug;
		};
		B275699F28028D1600E84C68 /* Release */ = {
			isa = XCBuildConfiguration;
			buildSettings = {
				ALWAYS_SEARCH_USER_PATHS = NO;
				CLANG_ANALYZER_NONNULL = YES;
				CLANG_ANALYZER_NUMBER_OBJECT_CONVERSION = YES_AGGRESSIVE;
				CLANG_CXX_LANGUAGE_STANDARD = "gnu++17";
				CLANG_CXX_LIBRARY = "libc++";
				CLANG_ENABLE_MODULES = YES;
				CLANG_ENABLE_OBJC_ARC = YES;
				CLANG_ENABLE_OBJC_WEAK = YES;
				CLANG_WARN_BLOCK_CAPTURE_AUTORELEASING = YES;
				CLANG_WARN_BOOL_CONVERSION = YES;
				CLANG_WARN_COMMA = YES;
				CLANG_WARN_CONSTANT_CONVERSION = YES;
				CLANG_WARN_DEPRECATED_OBJC_IMPLEMENTATIONS = YES;
				CLANG_WARN_DIRECT_OBJC_ISA_USAGE = YES_ERROR;
				CLANG_WARN_DOCUMENTATION_COMMENTS = YES;
				CLANG_WARN_EMPTY_BODY = YES;
				CLANG_WARN_ENUM_CONVERSION = YES;
				CLANG_WARN_INFINITE_RECURSION = YES;
				CLANG_WARN_INT_CONVERSION = YES;
				CLANG_WARN_NON_LITERAL_NULL_CONVERSION = YES;
				CLANG_WARN_OBJC_IMPLICIT_RETAIN_SELF = YES;
				CLANG_WARN_OBJC_LITERAL_CONVERSION = YES;
				CLANG_WARN_OBJC_ROOT_CLASS = YES_ERROR;
				CLANG_WARN_QUOTED_INCLUDE_IN_FRAMEWORK_HEADER = YES;
				CLANG_WARN_RANGE_LOOP_ANALYSIS = YES;
				CLANG_WARN_STRICT_PROTOTYPES = YES;
				CLANG_WARN_SUSPICIOUS_MOVE = YES;
				CLANG_WARN_UNGUARDED_AVAILABILITY = YES_AGGRESSIVE;
				CLANG_WARN_UNREACHABLE_CODE = YES;
				CLANG_WARN__DUPLICATE_METHOD_MATCH = YES;
				COPY_PHASE_STRIP = NO;
				DEBUG_INFORMATION_FORMAT = "dwarf-with-dsym";
				ENABLE_NS_ASSERTIONS = NO;
				ENABLE_STRICT_OBJC_MSGSEND = YES;
				GCC_C_LANGUAGE_STANDARD = gnu11;
				GCC_NO_COMMON_BLOCKS = YES;
				GCC_WARN_64_TO_32_BIT_CONVERSION = YES;
				GCC_WARN_ABOUT_RETURN_TYPE = YES_ERROR;
				GCC_WARN_UNDECLARED_SELECTOR = YES;
				GCC_WARN_UNINITIALIZED_AUTOS = YES_AGGRESSIVE;
				GCC_WARN_UNUSED_FUNCTION = YES;
				GCC_WARN_UNUSED_VARIABLE = YES;
				IPHONEOS_DEPLOYMENT_TARGET = 15.0;
				MTL_ENABLE_DEBUG_INFO = NO;
				MTL_FAST_MATH = YES;
				SDKROOT = iphoneos;
				SWIFT_COMPILATION_MODE = wholemodule;
				SWIFT_OPTIMIZATION_LEVEL = "-O";
				VALIDATE_PRODUCT = YES;
			};
			name = Release;
		};
		B27569A128028D1600E84C68 /* Debug */ = {
			isa = XCBuildConfiguration;
			buildSettings = {
				ASSETCATALOG_COMPILER_APPICON_NAME = AppIcon;
				ASSETCATALOG_COMPILER_GLOBAL_ACCENT_COLOR_NAME = AccentColor;
				CODE_SIGN_STYLE = Automatic;
				CURRENT_PROJECT_VERSION = 1;
				DEVELOPMENT_ASSET_PATHS = "\"Day40_MoonShotPart2/Preview Content\"";
				DEVELOPMENT_TEAM = L73M8R7276;
				ENABLE_PREVIEWS = YES;
				GENERATE_INFOPLIST_FILE = YES;
				INFOPLIST_KEY_UIApplicationSceneManifest_Generation = YES;
				INFOPLIST_KEY_UIApplicationSupportsIndirectInputEvents = YES;
				INFOPLIST_KEY_UILaunchScreen_Generation = YES;
				INFOPLIST_KEY_UISupportedInterfaceOrientations_iPad = "UIInterfaceOrientationPortrait UIInterfaceOrientationPortraitUpsideDown UIInterfaceOrientationLandscapeLeft UIInterfaceOrientationLandscapeRight";
				INFOPLIST_KEY_UISupportedInterfaceOrientations_iPhone = "UIInterfaceOrientationPortrait UIInterfaceOrientationLandscapeLeft UIInterfaceOrientationLandscapeRight";
				LD_RUNPATH_SEARCH_PATHS = (
					"$(inherited)",
					"@executable_path/Frameworks",
				);
				MARKETING_VERSION = 1.0;
				PRODUCT_BUNDLE_IDENTIFIER = "com.leemccormick.Day40-MoonShotPart2";
				PRODUCT_NAME = "$(TARGET_NAME)";
				SWIFT_EMIT_LOC_STRINGS = YES;
				SWIFT_VERSION = 5.0;
				TARGETED_DEVICE_FAMILY = "1,2";
			};
			name = Debug;
		};
		B27569A228028D1600E84C68 /* Release */ = {
			isa = XCBuildConfiguration;
			buildSettings = {
				ASSETCATALOG_COMPILER_APPICON_NAME = AppIcon;
				ASSETCATALOG_COMPILER_GLOBAL_ACCENT_COLOR_NAME = AccentColor;
				CODE_SIGN_STYLE = Automatic;
				CURRENT_PROJECT_VERSION = 1;
				DEVELOPMENT_ASSET_PATHS = "\"Day40_MoonShotPart2/Preview Content\"";
				DEVELOPMENT_TEAM = L73M8R7276;
				ENABLE_PREVIEWS = YES;
				GENERATE_INFOPLIST_FILE = YES;
				INFOPLIST_KEY_UIApplicationSceneManifest_Generation = YES;
				INFOPLIST_KEY_UIApplicationSupportsIndirectInputEvents = YES;
				INFOPLIST_KEY_UILaunchScreen_Generation = YES;
				INFOPLIST_KEY_UISupportedInterfaceOrientations_iPad = "UIInterfaceOrientationPortrait UIInterfaceOrientationPortraitUpsideDown UIInterfaceOrientationLandscapeLeft UIInterfaceOrientationLandscapeRight";
				INFOPLIST_KEY_UISupportedInterfaceOrientations_iPhone = "UIInterfaceOrientationPortrait UIInterfaceOrientationLandscapeLeft UIInterfaceOrientationLandscapeRight";
				LD_RUNPATH_SEARCH_PATHS = (
					"$(inherited)",
					"@executable_path/Frameworks",
				);
				MARKETING_VERSION = 1.0;
				PRODUCT_BUNDLE_IDENTIFIER = "com.leemccormick.Day40-MoonShotPart2";
				PRODUCT_NAME = "$(TARGET_NAME)";
				SWIFT_EMIT_LOC_STRINGS = YES;
				SWIFT_VERSION = 5.0;
				TARGETED_DEVICE_FAMILY = "1,2";
			};
			name = Release;
		};
/* End XCBuildConfiguration section */

/* Begin XCConfigurationList section */
		B275698D28028D0D00E84C68 /* Build configuration list for PBXProject "Day40_MoonShotPart2" */ = {
			isa = XCConfigurationList;
			buildConfigurations = (
				B275699E28028D1600E84C68 /* Debug */,
				B275699F28028D1600E84C68 /* Release */,
			);
			defaultConfigurationIsVisible = 0;
			defaultConfigurationName = Release;
		};
		B27569A028028D1600E84C68 /* Build configuration list for PBXNativeTarget "Day40_MoonShotPart2" */ = {
			isa = XCConfigurationList;
			buildConfigurations = (
				B27569A128028D1600E84C68 /* Debug */,
				B27569A228028D1600E84C68 /* Release */,
			);
			defaultConfigurationIsVisible = 0;
			defaultConfigurationName = Release;
		};
/* End XCConfigurationList section */
	};
	rootObject = B275698A28028D0D00E84C68 /* Project object */;
}
