// !$*UTF8*$!
{
	archiveVersion = 1;
	classes = {
	};
	objectVersion = 55;
	objects = {

/* Begin PBXBuildFile section */
		B21EAC1427E2E69D00B0A7FF /* Day16_WeSpiltPart1App.swift in Sources */ = {isa = PBXBuildFile; fileRef = B21EAC1327E2E69D00B0A7FF /* Day16_WeSpiltPart1App.swift */; };
		B21EAC1627E2E69D00B0A7FF /* ContentView.swift in Sources */ = {isa = PBXBuildFile; fileRef = B21EAC1527E2E69D00B0A7FF /* ContentView.swift */; };
		B21EAC1827E2E6A300B0A7FF /* Assets.xcassets in Resources */ = {isa = PBXBuildFile; fileRef = B21EAC1727E2E6A300B0A7FF /* Assets.xcassets */; };
		B21EAC1B27E2E6A300B0A7FF /* Preview Assets.xcassets in Resources */ = {isa = PBXBuildFile; fileRef = B21EAC1A27E2E6A300B0A7FF /* Preview Assets.xcassets */; };
		B21EAC2527E2E6A300B0A7FF /* Day16_WeSpiltPart1Tests.swift in Sources */ = {isa = PBXBuildFile; fileRef = B21EAC2427E2E6A300B0A7FF /* Day16_WeSpiltPart1Tests.swift */; };
		B21EAC2F27E2E6A300B0A7FF /* Day16_WeSpiltPart1UITests.swift in Sources */ = {isa = PBXBuildFile; fileRef = B21EAC2E27E2E6A300B0A7FF /* Day16_WeSpiltPart1UITests.swift */; };
		B21EAC3127E2E6A300B0A7FF /* Day16_WeSpiltPart1UITestsLaunchTests.swift in Sources */ = {isa = PBXBuildFile; fileRef = B21EAC3027E2E6A300B0A7FF /* Day16_WeSpiltPart1UITestsLaunchTests.swift */; };
/* End PBXBuildFile section */

/* Begin PBXContainerItemProxy section */
		B21EAC2127E2E6A300B0A7FF /* PBXContainerItemProxy */ = {
			isa = PBXContainerItemProxy;
			containerPortal = B21EAC0827E2E69D00B0A7FF /* Project object */;
			proxyType = 1;
			remoteGlobalIDString = B21EAC0F27E2E69D00B0A7FF;
			remoteInfo = Day16_WeSpiltPart1;
		};
		B21EAC2B27E2E6A300B0A7FF /* PBXContainerItemProxy */ = {
			isa = PBXContainerItemProxy;
			containerPortal = B21EAC0827E2E69D00B0A7FF /* Project object */;
			proxyType = 1;
			remoteGlobalIDString = B21EAC0F27E2E69D00B0A7FF;
			remoteInfo = Day16_WeSpiltPart1;
		};
/* End PBXContainerItemProxy section */

/* Begin PBXFileReference section */
		B21EAC1027E2E69D00B0A7FF /* Day16_WeSpiltPart1.app */ = {isa = PBXFileReference; explicitFileType = wrapper.application; includeInIndex = 0; path = Day16_WeSpiltPart1.app; sourceTree = BUILT_PRODUCTS_DIR; };
		B21EAC1327E2E69D00B0A7FF /* Day16_WeSpiltPart1App.swift */ = {isa = PBXFileReference; lastKnownFileType = sourcecode.swift; path = Day16_WeSpiltPart1App.swift; sourceTree = "<group>"; };
		B21EAC1527E2E69D00B0A7FF /* ContentView.swift */ = {isa = PBXFileReference; lastKnownFileType = sourcecode.swift; path = ContentView.swift; sourceTree = "<group>"; };
		B21EAC1727E2E6A300B0A7FF /* Assets.xcassets */ = {isa = PBXFileReference; lastKnownFileType = folder.assetcatalog; path = Assets.xcassets; sourceTree = "<group>"; };
		B21EAC1A27E2E6A300B0A7FF /* Preview Assets.xcassets */ = {isa = PBXFileReference; lastKnownFileType = folder.assetcatalog; path = "Preview Assets.xcassets"; sourceTree = "<group>"; };
		B21EAC2027E2E6A300B0A7FF /* Day16_WeSpiltPart1Tests.xctest */ = {isa = PBXFileReference; explicitFileType = wrapper.cfbundle; includeInIndex = 0; path = Day16_WeSpiltPart1Tests.xctest; sourceTree = BUILT_PRODUCTS_DIR; };
		B21EAC2427E2E6A300B0A7FF /* Day16_WeSpiltPart1Tests.swift */ = {isa = PBXFileReference; lastKnownFileType = sourcecode.swift; path = Day16_WeSpiltPart1Tests.swift; sourceTree = "<group>"; };
		B21EAC2A27E2E6A300B0A7FF /* Day16_WeSpiltPart1UITests.xctest */ = {isa = PBXFileReference; explicitFileType = wrapper.cfbundle; includeInIndex = 0; path = Day16_WeSpiltPart1UITests.xctest; sourceTree = BUILT_PRODUCTS_DIR; };
		B21EAC2E27E2E6A300B0A7FF /* Day16_WeSpiltPart1UITests.swift */ = {isa = PBXFileReference; lastKnownFileType = sourcecode.swift; path = Day16_WeSpiltPart1UITests.swift; sourceTree = "<group>"; };
		B21EAC3027E2E6A300B0A7FF /* Day16_WeSpiltPart1UITestsLaunchTests.swift */ = {isa = PBXFileReference; lastKnownFileType = sourcecode.swift; path = Day16_WeSpiltPart1UITestsLaunchTests.swift; sourceTree = "<group>"; };
/* End PBXFileReference section */

/* Begin PBXFrameworksBuildPhase section */
		B21EAC0D27E2E69D00B0A7FF /* Frameworks */ = {
			isa = PBXFrameworksBuildPhase;
			buildActionMask = 2147483647;
			files = (
			);
			runOnlyForDeploymentPostprocessing = 0;
		};
		B21EAC1D27E2E6A300B0A7FF /* Frameworks */ = {
			isa = PBXFrameworksBuildPhase;
			buildActionMask = 2147483647;
			files = (
			);
			runOnlyForDeploymentPostprocessing = 0;
		};
		B21EAC2727E2E6A300B0A7FF /* Frameworks */ = {
			isa = PBXFrameworksBuildPhase;
			buildActionMask = 2147483647;
			files = (
			);
			runOnlyForDeploymentPostprocessing = 0;
		};
/* End PBXFrameworksBuildPhase section */

/* Begin PBXGroup section */
		B21EAC0727E2E69D00B0A7FF = {
			isa = PBXGroup;
			children = (
				B21EAC1227E2E69D00B0A7FF /* Day16_WeSpiltPart1 */,
				B21EAC2327E2E6A300B0A7FF /* Day16_WeSpiltPart1Tests */,
				B21EAC2D27E2E6A300B0A7FF /* Day16_WeSpiltPart1UITests */,
				B21EAC1127E2E69D00B0A7FF /* Products */,
			);
			sourceTree = "<group>";
		};
		B21EAC1127E2E69D00B0A7FF /* Products */ = {
			isa = PBXGroup;
			children = (
				B21EAC1027E2E69D00B0A7FF /* Day16_WeSpiltPart1.app */,
				B21EAC2027E2E6A300B0A7FF /* Day16_WeSpiltPart1Tests.xctest */,
				B21EAC2A27E2E6A300B0A7FF /* Day16_WeSpiltPart1UITests.xctest */,
			);
			name = Products;
			sourceTree = "<group>";
		};
		B21EAC1227E2E69D00B0A7FF /* Day16_WeSpiltPart1 */ = {
			isa = PBXGroup;
			children = (
				B21EAC1327E2E69D00B0A7FF /* Day16_WeSpiltPart1App.swift */,
				B21EAC1527E2E69D00B0A7FF /* ContentView.swift */,
				B21EAC1727E2E6A300B0A7FF /* Assets.xcassets */,
				B21EAC1927E2E6A300B0A7FF /* Preview Content */,
			);
			path = Day16_WeSpiltPart1;
			sourceTree = "<group>";
		};
		B21EAC1927E2E6A300B0A7FF /* Preview Content */ = {
			isa = PBXGroup;
			children = (
				B21EAC1A27E2E6A300B0A7FF /* Preview Assets.xcassets */,
			);
			path = "Preview Content";
			sourceTree = "<group>";
		};
		B21EAC2327E2E6A300B0A7FF /* Day16_WeSpiltPart1Tests */ = {
			isa = PBXGroup;
			children = (
				B21EAC2427E2E6A300B0A7FF /* Day16_WeSpiltPart1Tests.swift */,
			);
			path = Day16_WeSpiltPart1Tests;
			sourceTree = "<group>";
		};
		B21EAC2D27E2E6A300B0A7FF /* Day16_WeSpiltPart1UITests */ = {
			isa = PBXGroup;
			children = (
				B21EAC2E27E2E6A300B0A7FF /* Day16_WeSpiltPart1UITests.swift */,
				B21EAC3027E2E6A300B0A7FF /* Day16_WeSpiltPart1UITestsLaunchTests.swift */,
			);
			path = Day16_WeSpiltPart1UITests;
			sourceTree = "<group>";
		};
/* End PBXGroup section */

/* Begin PBXNativeTarget section */
		B21EAC0F27E2E69D00B0A7FF /* Day16_WeSpiltPart1 */ = {
			isa = PBXNativeTarget;
			buildConfigurationList = B21EAC3427E2E6A300B0A7FF /* Build configuration list for PBXNativeTarget "Day16_WeSpiltPart1" */;
			buildPhases = (
				B21EAC0C27E2E69D00B0A7FF /* Sources */,
				B21EAC0D27E2E69D00B0A7FF /* Frameworks */,
				B21EAC0E27E2E69D00B0A7FF /* Resources */,
			);
			buildRules = (
			);
			dependencies = (
			);
			name = Day16_WeSpiltPart1;
			productName = Day16_WeSpiltPart1;
			productReference = B21EAC1027E2E69D00B0A7FF /* Day16_WeSpiltPart1.app */;
			productType = "com.apple.product-type.application";
		};
		B21EAC1F27E2E6A300B0A7FF /* Day16_WeSpiltPart1Tests */ = {
			isa = PBXNativeTarget;
			buildConfigurationList = B21EAC3727E2E6A300B0A7FF /* Build configuration list for PBXNativeTarget "Day16_WeSpiltPart1Tests" */;
			buildPhases = (
				B21EAC1C27E2E6A300B0A7FF /* Sources */,
				B21EAC1D27E2E6A300B0A7FF /* Frameworks */,
				B21EAC1E27E2E6A300B0A7FF /* Resources */,
			);
			buildRules = (
			);
			dependencies = (
				B21EAC2227E2E6A300B0A7FF /* PBXTargetDependency */,
			);
			name = Day16_WeSpiltPart1Tests;
			productName = Day16_WeSpiltPart1Tests;
			productReference = B21EAC2027E2E6A300B0A7FF /* Day16_WeSpiltPart1Tests.xctest */;
			productType = "com.apple.product-type.bundle.unit-test";
		};
		B21EAC2927E2E6A300B0A7FF /* Day16_WeSpiltPart1UITests */ = {
			isa = PBXNativeTarget;
			buildConfigurationList = B21EAC3A27E2E6A300B0A7FF /* Build configuration list for PBXNativeTarget "Day16_WeSpiltPart1UITests" */;
			buildPhases = (
				B21EAC2627E2E6A300B0A7FF /* Sources */,
				B21EAC2727E2E6A300B0A7FF /* Frameworks */,
				B21EAC2827E2E6A300B0A7FF /* Resources */,
			);
			buildRules = (
			);
			dependencies = (
				B21EAC2C27E2E6A300B0A7FF /* PBXTargetDependency */,
			);
			name = Day16_WeSpiltPart1UITests;
			productName = Day16_WeSpiltPart1UITests;
			productReference = B21EAC2A27E2E6A300B0A7FF /* Day16_WeSpiltPart1UITests.xctest */;
			productType = "com.apple.product-type.bundle.ui-testing";
		};
/* End PBXNativeTarget section */

/* Begin PBXProject section */
		B21EAC0827E2E69D00B0A7FF /* Project object */ = {
			isa = PBXProject;
			attributes = {
				BuildIndependentTargetsInParallel = 1;
				LastSwiftUpdateCheck = 1310;
				LastUpgradeCheck = 1310;
				TargetAttributes = {
					B21EAC0F27E2E69D00B0A7FF = {
						CreatedOnToolsVersion = 13.1;
					};
					B21EAC1F27E2E6A300B0A7FF = {
						CreatedOnToolsVersion = 13.1;
						TestTargetID = B21EAC0F27E2E69D00B0A7FF;
					};
					B21EAC2927E2E6A300B0A7FF = {
						CreatedOnToolsVersion = 13.1;
						TestTargetID = B21EAC0F27E2E69D00B0A7FF;
					};
				};
			};
			buildConfigurationList = B21EAC0B27E2E69D00B0A7FF /* Build configuration list for PBXProject "Day16_WeSpiltPart1" */;
			compatibilityVersion = "Xcode 13.0";
			developmentRegion = en;
			hasScannedForEncodings = 0;
			knownRegions = (
				en,
				Base,
			);
			mainGroup = B21EAC0727E2E69D00B0A7FF;
			productRefGroup = B21EAC1127E2E69D00B0A7FF /* Products */;
			projectDirPath = "";
			projectRoot = "";
			targets = (
				B21EAC0F27E2E69D00B0A7FF /* Day16_WeSpiltPart1 */,
				B21EAC1F27E2E6A300B0A7FF /* Day16_WeSpiltPart1Tests */,
				B21EAC2927E2E6A300B0A7FF /* Day16_WeSpiltPart1UITests */,
			);
		};
/* End PBXProject section */

/* Begin PBXResourcesBuildPhase section */
		B21EAC0E27E2E69D00B0A7FF /* Resources */ = {
			isa = PBXResourcesBuildPhase;
			buildActionMask = 2147483647;
			files = (
				B21EAC1B27E2E6A300B0A7FF /* Preview Assets.xcassets in Resources */,
				B21EAC1827E2E6A300B0A7FF /* Assets.xcassets in Resources */,
			);
			runOnlyForDeploymentPostprocessing = 0;
		};
		B21EAC1E27E2E6A300B0A7FF /* Resources */ = {
			isa = PBXResourcesBuildPhase;
			buildActionMask = 2147483647;
			files = (
			);
			runOnlyForDeploymentPostprocessing = 0;
		};
		B21EAC2827E2E6A300B0A7FF /* Resources */ = {
			isa = PBXResourcesBuildPhase;
			buildActionMask = 2147483647;
			files = (
			);
			runOnlyForDeploymentPostprocessing = 0;
		};
/* End PBXResourcesBuildPhase section */

/* Begin PBXSourcesBuildPhase section */
		B21EAC0C27E2E69D00B0A7FF /* Sources */ = {
			isa = PBXSourcesBuildPhase;
			buildActionMask = 2147483647;
			files = (
				B21EAC1627E2E69D00B0A7FF /* ContentView.swift in Sources */,
				B21EAC1427E2E69D00B0A7FF /* Day16_WeSpiltPart1App.swift in Sources */,
			);
			runOnlyForDeploymentPostprocessing = 0;
		};
		B21EAC1C27E2E6A300B0A7FF /* Sources */ = {
			isa = PBXSourcesBuildPhase;
			buildActionMask = 2147483647;
			files = (
				B21EAC2527E2E6A300B0A7FF /* Day16_WeSpiltPart1Tests.swift in Sources */,
			);
			runOnlyForDeploymentPostprocessing = 0;
		};
		B21EAC2627E2E6A300B0A7FF /* Sources */ = {
			isa = PBXSourcesBuildPhase;
			buildActionMask = 2147483647;
			files = (
				B21EAC3127E2E6A300B0A7FF /* Day16_WeSpiltPart1UITestsLaunchTests.swift in Sources */,
				B21EAC2F27E2E6A300B0A7FF /* Day16_WeSpiltPart1UITests.swift in Sources */,
			);
			runOnlyForDeploymentPostprocessing = 0;
		};
/* End PBXSourcesBuildPhase section */

/* Begin PBXTargetDependency section */
		B21EAC2227E2E6A300B0A7FF /* PBXTargetDependency */ = {
			isa = PBXTargetDependency;
			target = B21EAC0F27E2E69D00B0A7FF /* Day16_WeSpiltPart1 */;
			targetProxy = B21EAC2127E2E6A300B0A7FF /* PBXContainerItemProxy */;
		};
		B21EAC2C27E2E6A300B0A7FF /* PBXTargetDependency */ = {
			isa = PBXTargetDependency;
			target = B21EAC0F27E2E69D00B0A7FF /* Day16_WeSpiltPart1 */;
			targetProxy = B21EAC2B27E2E6A300B0A7FF /* PBXContainerItemProxy */;
		};
/* End PBXTargetDependency section */

/* Begin XCBuildConfiguration section */
		B21EAC3227E2E6A300B0A7FF /* Debug */ = {
			isa = XCBuildConfiguration;
			buildSettings = {
				ALWAYS_SEARCH_USER_PATHS = NO;
				CLANG_ANALYZER_NONNULL = YES;
				CLANG_ANALYZER_NUMBER_OBJECT_CONVERSION = YES_AGGRESSIVE;
				CLANG_CXX_LANGUAGE_STANDARD = "gnu++17";
				CLANG_CXX_LIBRARY = "libc++";
				CLANG_ENABLE_MODULES = YES;
				CLANG_ENABLE_OBJC_ARC = YES;
				CLANG_ENABLE_OBJC_WEAK = YES;
				CLANG_WARN_BLOCK_CAPTURE_AUTORELEASING = YES;
				CLANG_WARN_BOOL_CONVERSION = YES;
				CLANG_WARN_COMMA = YES;
				CLANG_WARN_CONSTANT_CONVERSION = YES;
				CLANG_WARN_DEPRECATED_OBJC_IMPLEMENTATIONS = YES;
				CLANG_WARN_DIRECT_OBJC_ISA_USAGE = YES_ERROR;
				CLANG_WARN_DOCUMENTATION_COMMENTS = YES;
				CLANG_WARN_EMPTY_BODY = YES;
				CLANG_WARN_ENUM_CONVERSION = YES;
				CLANG_WARN_INFINITE_RECURSION = YES;
				CLANG_WARN_INT_CONVERSION = YES;
				CLANG_WARN_NON_LITERAL_NULL_CONVERSION = YES;
				CLANG_WARN_OBJC_IMPLICIT_RETAIN_SELF = YES;
				CLANG_WARN_OBJC_LITERAL_CONVERSION = YES;
				CLANG_WARN_OBJC_ROOT_CLASS = YES_ERROR;
				CLANG_WARN_QUOTED_INCLUDE_IN_FRAMEWORK_HEADER = YES;
				CLANG_WARN_RANGE_LOOP_ANALYSIS = YES;
				CLANG_WARN_STRICT_PROTOTYPES = YES;
				CLANG_WARN_SUSPICIOUS_MOVE = YES;
				CLANG_WARN_UNGUARDED_AVAILABILITY = YES_AGGRESSIVE;
				CLANG_WARN_UNREACHABLE_CODE = YES;
				CLANG_WARN__DUPLICATE_METHOD_MATCH = YES;
				COPY_PHASE_STRIP = NO;
				DEBUG_INFORMATION_FORMAT = dwarf;
				ENABLE_STRICT_OBJC_MSGSEND = YES;
				ENABLE_TESTABILITY = YES;
				GCC_C_LANGUAGE_STANDARD = gnu11;
				GCC_DYNAMIC_NO_PIC = NO;
				GCC_NO_COMMON_BLOCKS = YES;
				GCC_OPTIMIZATION_LEVEL = 0;
				GCC_PREPROCESSOR_DEFINITIONS = (
					"DEBUG=1",
					"$(inherited)",
				);
				GCC_WARN_64_TO_32_BIT_CONVERSION = YES;
				GCC_WARN_ABOUT_RETURN_TYPE = YES_ERROR;
				GCC_WARN_UNDECLARED_SELECTOR = YES;
				GCC_WARN_UNINITIALIZED_AUTOS = YES_AGGRESSIVE;
				GCC_WARN_UNUSED_FUNCTION = YES;
				GCC_WARN_UNUSED_VARIABLE = YES;
				IPHONEOS_DEPLOYMENT_TARGET = 15.0;
				MTL_ENABLE_DEBUG_INFO = INCLUDE_SOURCE;
				MTL_FAST_MATH = YES;
				ONLY_ACTIVE_ARCH = YES;
				SDKROOT = iphoneos;
				SWIFT_ACTIVE_COMPILATION_CONDITIONS = DEBUG;
				SWIFT_OPTIMIZATION_LEVEL = "-Onone";
			};
			name = Debug;
		};
		B21EAC3327E2E6A300B0A7FF /* Release */ = {
			isa = XCBuildConfiguration;
			buildSettings = {
				ALWAYS_SEARCH_USER_PATHS = NO;
				CLANG_ANALYZER_NONNULL = YES;
				CLANG_ANALYZER_NUMBER_OBJECT_CONVERSION = YES_AGGRESSIVE;
				CLANG_CXX_LANGUAGE_STANDARD = "gnu++17";
				CLANG_CXX_LIBRARY = "libc++";
				CLANG_ENABLE_MODULES = YES;
				CLANG_ENABLE_OBJC_ARC = YES;
				CLANG_ENABLE_OBJC_WEAK = YES;
				CLANG_WARN_BLOCK_CAPTURE_AUTORELEASING = YES;
				CLANG_WARN_BOOL_CONVERSION = YES;
				CLANG_WARN_COMMA = YES;
				CLANG_WARN_CONSTANT_CONVERSION = YES;
				CLANG_WARN_DEPRECATED_OBJC_IMPLEMENTATIONS = YES;
				CLANG_WARN_DIRECT_OBJC_ISA_USAGE = YES_ERROR;
				CLANG_WARN_DOCUMENTATION_COMMENTS = YES;
				CLANG_WARN_EMPTY_BODY = YES;
				CLANG_WARN_ENUM_CONVERSION = YES;
				CLANG_WARN_INFINITE_RECURSION = YES;
				CLANG_WARN_INT_CONVERSION = YES;
				CLANG_WARN_NON_LITERAL_NULL_CONVERSION = YES;
				CLANG_WARN_OBJC_IMPLICIT_RETAIN_SELF = YES;
				CLANG_WARN_OBJC_LITERAL_CONVERSION = YES;
				CLANG_WARN_OBJC_ROOT_CLASS = YES_ERROR;
				CLANG_WARN_QUOTED_INCLUDE_IN_FRAMEWORK_HEADER = YES;
				CLANG_WARN_RANGE_LOOP_ANALYSIS = YES;
				CLANG_WARN_STRICT_PROTOTYPES = YES;
				CLANG_WARN_SUSPICIOUS_MOVE = YES;
				CLANG_WARN_UNGUARDED_AVAILABILITY = YES_AGGRESSIVE;
				CLANG_WARN_UNREACHABLE_CODE = YES;
				CLANG_WARN__DUPLICATE_METHOD_MATCH = YES;
				COPY_PHASE_STRIP = NO;
				DEBUG_INFORMATION_FORMAT = "dwarf-with-dsym";
				ENABLE_NS_ASSERTIONS = NO;
				ENABLE_STRICT_OBJC_MSGSEND = YES;
				GCC_C_LANGUAGE_STANDARD = gnu11;
				GCC_NO_COMMON_BLOCKS = YES;
				GCC_WARN_64_TO_32_BIT_CONVERSION = YES;
				GCC_WARN_ABOUT_RETURN_TYPE = YES_ERROR;
				GCC_WARN_UNDECLARED_SELECTOR = YES;
				GCC_WARN_UNINITIALIZED_AUTOS = YES_AGGRESSIVE;
				GCC_WARN_UNUSED_FUNCTION = YES;
				GCC_WARN_UNUSED_VARIABLE = YES;
				IPHONEOS_DEPLOYMENT_TARGET = 15.0;
				MTL_ENABLE_DEBUG_INFO = NO;
				MTL_FAST_MATH = YES;
				SDKROOT = iphoneos;
				SWIFT_COMPILATION_MODE = wholemodule;
				SWIFT_OPTIMIZATION_LEVEL = "-O";
				VALIDATE_PRODUCT = YES;
			};
			name = Release;
		};
		B21EAC3527E2E6A300B0A7FF /* Debug */ = {
			isa = XCBuildConfiguration;
			buildSettings = {
				ASSETCATALOG_COMPILER_APPICON_NAME = AppIcon;
				ASSETCATALOG_COMPILER_GLOBAL_ACCENT_COLOR_NAME = AccentColor;
				CODE_SIGN_STYLE = Automatic;
				CURRENT_PROJECT_VERSION = 1;
				DEVELOPMENT_ASSET_PATHS = "\"Day16_WeSpiltPart1/Preview Content\"";
				DEVELOPMENT_TEAM = L73M8R7276;
				ENABLE_PREVIEWS = YES;
				GENERATE_INFOPLIST_FILE = YES;
				INFOPLIST_KEY_UIApplicationSceneManifest_Generation = YES;
				INFOPLIST_KEY_UIApplicationSupportsIndirectInputEvents = YES;
				INFOPLIST_KEY_UILaunchScreen_Generation = YES;
				INFOPLIST_KEY_UISupportedInterfaceOrientations_iPad = "UIInterfaceOrientationPortrait UIInterfaceOrientationPortraitUpsideDown UIInterfaceOrientationLandscapeLeft UIInterfaceOrientationLandscapeRight";
				INFOPLIST_KEY_UISupportedInterfaceOrientations_iPhone = "UIInterfaceOrientationPortrait UIInterfaceOrientationLandscapeLeft UIInterfaceOrientationLandscapeRight";
				LD_RUNPATH_SEARCH_PATHS = (
					"$(inherited)",
					"@executable_path/Frameworks",
				);
				MARKETING_VERSION = 1.0;
				PRODUCT_BUNDLE_IDENTIFIER = "com.testtoastAndLandscape.Day16-WeSpiltPart1";
				PRODUCT_NAME = "$(TARGET_NAME)";
				SWIFT_EMIT_LOC_STRINGS = YES;
				SWIFT_VERSION = 5.0;
				TARGETED_DEVICE_FAMILY = "1,2";
			};
			name = Debug;
		};
		B21EAC3627E2E6A300B0A7FF /* Release */ = {
			isa = XCBuildConfiguration;
			buildSettings = {
				ASSETCATALOG_COMPILER_APPICON_NAME = AppIcon;
				ASSETCATALOG_COMPILER_GLOBAL_ACCENT_COLOR_NAME = AccentColor;
				CODE_SIGN_STYLE = Automatic;
				CURRENT_PROJECT_VERSION = 1;
				DEVELOPMENT_ASSET_PATHS = "\"Day16_WeSpiltPart1/Preview Content\"";
				DEVELOPMENT_TEAM = L73M8R7276;
				ENABLE_PREVIEWS = YES;
				GENERATE_INFOPLIST_FILE = YES;
				INFOPLIST_KEY_UIApplicationSceneManifest_Generation = YES;
				INFOPLIST_KEY_UIApplicationSupportsIndirectInputEvents = YES;
				INFOPLIST_KEY_UILaunchScreen_Generation = YES;
				INFOPLIST_KEY_UISupportedInterfaceOrientations_iPad = "UIInterfaceOrientationPortrait UIInterfaceOrientationPortraitUpsideDown UIInterfaceOrientationLandscapeLeft UIInterfaceOrientationLandscapeRight";
				INFOPLIST_KEY_UISupportedInterfaceOrientations_iPhone = "UIInterfaceOrientationPortrait UIInterfaceOrientationLandscapeLeft UIInterfaceOrientationLandscapeRight";
				LD_RUNPATH_SEARCH_PATHS = (
					"$(inherited)",
					"@executable_path/Frameworks",
				);
				MARKETING_VERSION = 1.0;
				PRODUCT_BUNDLE_IDENTIFIER = "com.testtoastAndLandscape.Day16-WeSpiltPart1";
				PRODUCT_NAME = "$(TARGET_NAME)";
				SWIFT_EMIT_LOC_STRINGS = YES;
				SWIFT_VERSION = 5.0;
				TARGETED_DEVICE_FAMILY = "1,2";
			};
			name = Release;
		};
		B21EAC3827E2E6A300B0A7FF /* Debug */ = {
			isa = XCBuildConfiguration;
			buildSettings = {
				ALWAYS_EMBED_SWIFT_STANDARD_LIBRARIES = YES;
				BUNDLE_LOADER = "$(TEST_HOST)";
				CODE_SIGN_STYLE = Automatic;
				CURRENT_PROJECT_VERSION = 1;
				DEVELOPMENT_TEAM = L73M8R7276;
				GENERATE_INFOPLIST_FILE = YES;
				IPHONEOS_DEPLOYMENT_TARGET = 15.0;
				LD_RUNPATH_SEARCH_PATHS = (
					"$(inherited)",
					"@executable_path/Frameworks",
					"@loader_path/Frameworks",
				);
				MARKETING_VERSION = 1.0;
				PRODUCT_BUNDLE_IDENTIFIER = "com.testtoastAndLandscape.Day16-WeSpiltPart1Tests";
				PRODUCT_NAME = "$(TARGET_NAME)";
				SWIFT_EMIT_LOC_STRINGS = NO;
				SWIFT_VERSION = 5.0;
				TARGETED_DEVICE_FAMILY = "1,2";
				TEST_HOST = "$(BUILT_PRODUCTS_DIR)/Day16_WeSpiltPart1.app/Day16_WeSpiltPart1";
			};
			name = Debug;
		};
		B21EAC3927E2E6A300B0A7FF /* Release */ = {
			isa = XCBuildConfiguration;
			buildSettings = {
				ALWAYS_EMBED_SWIFT_STANDARD_LIBRARIES = YES;
				BUNDLE_LOADER = "$(TEST_HOST)";
				CODE_SIGN_STYLE = Automatic;
				CURRENT_PROJECT_VERSION = 1;
				DEVELOPMENT_TEAM = L73M8R7276;
				GENERATE_INFOPLIST_FILE = YES;
				IPHONEOS_DEPLOYMENT_TARGET = 15.0;
				LD_RUNPATH_SEARCH_PATHS = (
					"$(inherited)",
					"@executable_path/Frameworks",
					"@loader_path/Frameworks",
				);
				MARKETING_VERSION = 1.0;
				PRODUCT_BUNDLE_IDENTIFIER = "com.testtoastAndLandscape.Day16-WeSpiltPart1Tests";
				PRODUCT_NAME = "$(TARGET_NAME)";
				SWIFT_EMIT_LOC_STRINGS = NO;
				SWIFT_VERSION = 5.0;
				TARGETED_DEVICE_FAMILY = "1,2";
				TEST_HOST = "$(BUILT_PRODUCTS_DIR)/Day16_WeSpiltPart1.app/Day16_WeSpiltPart1";
			};
			name = Release;
		};
		B21EAC3B27E2E6A300B0A7FF /* Debug */ = {
			isa = XCBuildConfiguration;
			buildSettings = {
				ALWAYS_EMBED_SWIFT_STANDARD_LIBRARIES = YES;
				CODE_SIGN_STYLE = Automatic;
				CURRENT_PROJECT_VERSION = 1;
				DEVELOPMENT_TEAM = L73M8R7276;
				GENERATE_INFOPLIST_FILE = YES;
				LD_RUNPATH_SEARCH_PATHS = (
					"$(inherited)",
					"@executable_path/Frameworks",
					"@loader_path/Frameworks",
				);
				MARKETING_VERSION = 1.0;
				PRODUCT_BUNDLE_IDENTIFIER = "com.testtoastAndLandscape.Day16-WeSpiltPart1UITests";
				PRODUCT_NAME = "$(TARGET_NAME)";
				SWIFT_EMIT_LOC_STRINGS = NO;
				SWIFT_VERSION = 5.0;
				TARGETED_DEVICE_FAMILY = "1,2";
				TEST_TARGET_NAME = Day16_WeSpiltPart1;
			};
			name = Debug;
		};
		B21EAC3C27E2E6A300B0A7FF /* Release */ = {
			isa = XCBuildConfiguration;
			buildSettings = {
				ALWAYS_EMBED_SWIFT_STANDARD_LIBRARIES = YES;
				CODE_SIGN_STYLE = Automatic;
				CURRENT_PROJECT_VERSION = 1;
				DEVELOPMENT_TEAM = L73M8R7276;
				GENERATE_INFOPLIST_FILE = YES;
				LD_RUNPATH_SEARCH_PATHS = (
					"$(inherited)",
					"@executable_path/Frameworks",
					"@loader_path/Frameworks",
				);
				MARKETING_VERSION = 1.0;
				PRODUCT_BUNDLE_IDENTIFIER = "com.testtoastAndLandscape.Day16-WeSpiltPart1UITests";
				PRODUCT_NAME = "$(TARGET_NAME)";
				SWIFT_EMIT_LOC_STRINGS = NO;
				SWIFT_VERSION = 5.0;
				TARGETED_DEVICE_FAMILY = "1,2";
				TEST_TARGET_NAME = Day16_WeSpiltPart1;
			};
			name = Release;
		};
/* End XCBuildConfiguration section */

/* Begin XCConfigurationList section */
		B21EAC0B27E2E69D00B0A7FF /* Build configuration list for PBXProject "Day16_WeSpiltPart1" */ = {
			isa = XCConfigurationList;
			buildConfigurations = (
				B21EAC3227E2E6A300B0A7FF /* Debug */,
				B21EAC3327E2E6A300B0A7FF /* Release */,
			);
			defaultConfigurationIsVisible = 0;
			defaultConfigurationName = Release;
		};
		B21EAC3427E2E6A300B0A7FF /* Build configuration list for PBXNativeTarget "Day16_WeSpiltPart1" */ = {
			isa = XCConfigurationList;
			buildConfigurations = (
				B21EAC3527E2E6A300B0A7FF /* Debug */,
				B21EAC3627E2E6A300B0A7FF /* Release */,
			);
			defaultConfigurationIsVisible = 0;
			defaultConfigurationName = Release;
		};
		B21EAC3727E2E6A300B0A7FF /* Build configuration list for PBXNativeTarget "Day16_WeSpiltPart1Tests" */ = {
			isa = XCConfigurationList;
			buildConfigurations = (
				B21EAC3827E2E6A300B0A7FF /* Debug */,
				B21EAC3927E2E6A300B0A7FF /* Release */,
			);
			defaultConfigurationIsVisible = 0;
			defaultConfigurationName = Release;
		};
		B21EAC3A27E2E6A300B0A7FF /* Build configuration list for PBXNativeTarget "Day16_WeSpiltPart1UITests" */ = {
			isa = XCConfigurationList;
			buildConfigurations = (
				B21EAC3B27E2E6A300B0A7FF /* Debug */,
				B21EAC3C27E2E6A300B0A7FF /* Release */,
			);
			defaultConfigurationIsVisible = 0;
			defaultConfigurationName = Release;
		};
/* End XCConfigurationList section */
	};
	rootObject = B21EAC0827E2E69D00B0A7FF /* Project object */;
}
